// !$*UTF8*$!
{
	archiveVersion = 1;
	classes = {
	};
	objectVersion = 46;
	objects = {

/* Begin PBXBuildFile section */
		8602E82D1A1D50A4001C265E /* GCDAsyncUdpSocket.m in Sources */ = {isa = PBXBuildFile; fileRef = 199B5742151CBE5100155281 /* GCDAsyncUdpSocket.m */; };
		8602E8321A1D5517001C265E /* ntpAppDelegate.m in Sources */ = {isa = PBXBuildFile; fileRef = 8602E82F1A1D5517001C265E /* ntpAppDelegate.m */; };
		861A02BD1A4F80610070989E /* ntp.hosts in Resources */ = {isa = PBXBuildFile; fileRef = D91E95EF13D9B018004E4194 /* ntp.hosts */; };
		86273CCB1A1AACBB00487A18 /* NSDate+NetworkClock.m in Sources */ = {isa = PBXBuildFile; fileRef = D9B2BA4113D9C06100C9385A /* NSDate+NetworkClock.m */; };
		865E53A01B20B3EF0048F8B1 /* ntp_test.m in Sources */ = {isa = PBXBuildFile; fileRef = 865E539F1B20B3EF0048F8B1 /* ntp_test.m */; };
		865E53A71B20B9510048F8B1 /* NetAssociation.m in Sources */ = {isa = PBXBuildFile; fileRef = D91E95DA13D9AF8C004E4194 /* NetAssociation.m */; };
		865E53A81B20B96C0048F8B1 /* GCDAsyncUdpSocket.m in Sources */ = {isa = PBXBuildFile; fileRef = 199B5742151CBE5100155281 /* GCDAsyncUdpSocket.m */; };
		8661906F126C0CD70046A2B8 /* UIKit.framework in Frameworks */ = {isa = PBXBuildFile; fileRef = 8661906E126C0CD70046A2B8 /* UIKit.framework */; };
		8661907B126C0CEC0046A2B8 /* Foundation.framework in Frameworks */ = {isa = PBXBuildFile; fileRef = 8661907A126C0CEC0046A2B8 /* Foundation.framework */; };
		86619082126C0CFD0046A2B8 /* CoreGraphics.framework in Frameworks */ = {isa = PBXBuildFile; fileRef = 86619081126C0CFD0046A2B8 /* CoreGraphics.framework */; };
		86619086126C0D120046A2B8 /* CFNetwork.framework in Frameworks */ = {isa = PBXBuildFile; fileRef = 86619085126C0D120046A2B8 /* CFNetwork.framework */; };
		866F2B751A1D35DE008CCF83 /* ios-ntp.h in Headers */ = {isa = PBXBuildFile; fileRef = D9B2BA3213D9B6CF00C9385A /* ios-ntp.h */; settings = {ATTRIBUTES = (Public, ); }; };
		866F2B761A1D3624008CCF83 /* GCDAsyncUdpSocket.m in Sources */ = {isa = PBXBuildFile; fileRef = 199B5742151CBE5100155281 /* GCDAsyncUdpSocket.m */; };
		866F2B771A1D3624008CCF83 /* NSDate+NetworkClock.m in Sources */ = {isa = PBXBuildFile; fileRef = D9B2BA4113D9C06100C9385A /* NSDate+NetworkClock.m */; };
		866F2B781A1D3624008CCF83 /* NetAssociation.m in Sources */ = {isa = PBXBuildFile; fileRef = D91E95DA13D9AF8C004E4194 /* NetAssociation.m */; };
		866F2B791A1D3624008CCF83 /* NetworkClock.m in Sources */ = {isa = PBXBuildFile; fileRef = D91E95DC13D9AF8C004E4194 /* NetworkClock.m */; };
		86734BD71A2181FD00F191CE /* Storyboard.storyboard in Resources */ = {isa = PBXBuildFile; fileRef = 86734BD51A2181FD00F191CE /* Storyboard.storyboard */; };
		869A7CDA1A1AB0AC00067303 /* GCDAsyncUdpSocket.m in Sources */ = {isa = PBXBuildFile; fileRef = 199B5742151CBE5100155281 /* GCDAsyncUdpSocket.m */; };
		869A7CDB1A1AB0AC00067303 /* NetAssociation.m in Sources */ = {isa = PBXBuildFile; fileRef = D91E95DA13D9AF8C004E4194 /* NetAssociation.m */; };
		869A7CDC1A1AB0AC00067303 /* NetworkClock.m in Sources */ = {isa = PBXBuildFile; fileRef = D91E95DC13D9AF8C004E4194 /* NetworkClock.m */; };
		86C2B3F71A1DAA1900481E2E /* NSDate+NetworkClock.h in Headers */ = {isa = PBXBuildFile; fileRef = D9B2BA4013D9C06100C9385A /* NSDate+NetworkClock.h */; settings = {ATTRIBUTES = (Public, ); }; };
		86C2B3F81A1DAA1900481E2E /* NetAssociation.h in Headers */ = {isa = PBXBuildFile; fileRef = D91E95D913D9AF8C004E4194 /* NetAssociation.h */; settings = {ATTRIBUTES = (Public, ); }; };
		86C2B3F91A1DAA1900481E2E /* NetworkClock.h in Headers */ = {isa = PBXBuildFile; fileRef = D91E95DB13D9AF8C004E4194 /* NetworkClock.h */; settings = {ATTRIBUTES = (Public, ); }; };
		86C2B4041A1DAE6800481E2E /* GCDAsyncUdpSocket.h in Headers */ = {isa = PBXBuildFile; fileRef = 199B5741151CBE5100155281 /* GCDAsyncUdpSocket.h */; };
		86CE9ED71A2841FB00AFDE79 /* ntpViewController.m in Sources */ = {isa = PBXBuildFile; fileRef = 86CE9ED61A2841FB00AFDE79 /* ntpViewController.m */; };
		86F300C61A1481C00078CBF9 /* NetAssociation.m in Sources */ = {isa = PBXBuildFile; fileRef = D91E95DA13D9AF8C004E4194 /* NetAssociation.m */; };
		86F300C81A1481C00078CBF9 /* NetworkClock.m in Sources */ = {isa = PBXBuildFile; fileRef = D91E95DC13D9AF8C004E4194 /* NetworkClock.m */; };
		86F300CC1A1483900078CBF9 /* NSDate+NetworkClock.m in Sources */ = {isa = PBXBuildFile; fileRef = D9B2BA4113D9C06100C9385A /* NSDate+NetworkClock.m */; };
		D91E95E513D9AF8C004E4194 /* main.m in Sources */ = {isa = PBXBuildFile; fileRef = D91E95DE13D9AF8C004E4194 /* main.m */; };
		D91E95F713D9B029004E4194 /* ntp.hosts in Resources */ = {isa = PBXBuildFile; fileRef = D91E95EF13D9B018004E4194 /* ntp.hosts */; };
		D91E95FF13D9B063004E4194 /* InfoPlist.strings in Resources */ = {isa = PBXBuildFile; fileRef = D91E95F913D9B063004E4194 /* InfoPlist.strings */; };
/* End PBXBuildFile section */

/* Begin PBXCopyFilesBuildPhase section */
		866F2B711A1D35A0008CCF83 /* Embed Frameworks */ = {
			isa = PBXCopyFilesBuildPhase;
			buildActionMask = 2147483647;
			dstPath = "";
			dstSubfolderSpec = 10;
			files = (
			);
			name = "Embed Frameworks";
			runOnlyForDeploymentPostprocessing = 0;
		};
		86F300AC1A14815C0078CBF9 /* CopyFiles */ = {
			isa = PBXCopyFilesBuildPhase;
			buildActionMask = 2147483647;
			dstPath = "include/$(PRODUCT_NAME)";
			dstSubfolderSpec = 16;
			files = (
			);
			runOnlyForDeploymentPostprocessing = 0;
		};
/* End PBXCopyFilesBuildPhase section */

/* Begin PBXFileReference section */
		199B5741151CBE5100155281 /* GCDAsyncUdpSocket.h */ = {isa = PBXFileReference; fileEncoding = 4; lastKnownFileType = sourcecode.c.h; path = GCDAsyncUdpSocket.h; sourceTree = "<group>"; };
		199B5742151CBE5100155281 /* GCDAsyncUdpSocket.m */ = {isa = PBXFileReference; fileEncoding = 4; lastKnownFileType = sourcecode.c.objc; path = GCDAsyncUdpSocket.m; sourceTree = "<group>"; };
		8602E82E1A1D5517001C265E /* ntpAppDelegate.h */ = {isa = PBXFileReference; fileEncoding = 4; lastKnownFileType = sourcecode.c.h; path = ntpAppDelegate.h; sourceTree = "<group>"; };
		8602E82F1A1D5517001C265E /* ntpAppDelegate.m */ = {isa = PBXFileReference; fileEncoding = 4; lastKnownFileType = sourcecode.c.objc; path = ntpAppDelegate.m; sourceTree = "<group>"; };
		860E46A21A4F7B9E004C705B /* Info.plist */ = {isa = PBXFileReference; lastKnownFileType = text.plist.xml; path = Info.plist; sourceTree = "<group>"; };
		862DA2551A999FC000F65F3E /* Notes */ = {isa = PBXFileReference; lastKnownFileType = text; name = Notes; path = "ios-ntp-lib/Notes"; sourceTree = "<group>"; };
		865E539B1B20B3EF0048F8B1 /* ntp-test.xctest */ = {isa = PBXFileReference; explicitFileType = wrapper.cfbundle; includeInIndex = 0; path = "ntp-test.xctest"; sourceTree = BUILT_PRODUCTS_DIR; };
		865E539E1B20B3EF0048F8B1 /* Info.plist */ = {isa = PBXFileReference; lastKnownFileType = text.plist.xml; path = Info.plist; sourceTree = "<group>"; };
		865E539F1B20B3EF0048F8B1 /* ntp_test.m */ = {isa = PBXFileReference; lastKnownFileType = sourcecode.c.objc; path = ntp_test.m; sourceTree = "<group>"; };
		8661906E126C0CD70046A2B8 /* UIKit.framework */ = {isa = PBXFileReference; lastKnownFileType = wrapper.framework; name = UIKit.framework; path = System/Library/Frameworks/UIKit.framework; sourceTree = SDKROOT; };
		8661907A126C0CEC0046A2B8 /* Foundation.framework */ = {isa = PBXFileReference; lastKnownFileType = wrapper.framework; name = Foundation.framework; path = System/Library/Frameworks/Foundation.framework; sourceTree = SDKROOT; };
		86619081126C0CFD0046A2B8 /* CoreGraphics.framework */ = {isa = PBXFileReference; lastKnownFileType = wrapper.framework; name = CoreGraphics.framework; path = System/Library/Frameworks/CoreGraphics.framework; sourceTree = SDKROOT; };
		86619085126C0D120046A2B8 /* CFNetwork.framework */ = {isa = PBXFileReference; lastKnownFileType = wrapper.framework; name = CFNetwork.framework; path = System/Library/Frameworks/CFNetwork.framework; sourceTree = SDKROOT; };
		866F2B551A1D35A0008CCF83 /* ios_fwk.framework */ = {isa = PBXFileReference; explicitFileType = wrapper.framework; includeInIndex = 0; path = ios_fwk.framework; sourceTree = BUILT_PRODUCTS_DIR; };
		86734BD61A2181FD00F191CE /* en */ = {isa = PBXFileReference; lastKnownFileType = file.storyboard; name = en; path = Storyboard.storyboard; sourceTree = "<group>"; };
		867541861ACA2CD900D9990D /* ios-ntp.podspec */ = {isa = PBXFileReference; lastKnownFileType = text; path = "ios-ntp.podspec"; sourceTree = "<group>"; };
		86C2B3F51A1DA95300481E2E /* rfc5905.pdf */ = {isa = PBXFileReference; lastKnownFileType = image.pdf; path = rfc5905.pdf; sourceTree = "<group>"; };
		86C39F0D126A1FA100A9DCD1 /* ntp-app.app */ = {isa = PBXFileReference; explicitFileType = wrapper.application; includeInIndex = 0; path = "ntp-app.app"; sourceTree = BUILT_PRODUCTS_DIR; };
		86C79ED71A1D659F00FC7CC2 /* LICENSE */ = {isa = PBXFileReference; lastKnownFileType = text; path = LICENSE; sourceTree = "<group>"; };
		86C79ED81A1D659F00FC7CC2 /* README.md */ = {isa = PBXFileReference; lastKnownFileType = net.daringfireball.markdown; path = README.md; sourceTree = "<group>"; };
		86CE9ED51A2841FB00AFDE79 /* ntpViewController.h */ = {isa = PBXFileReference; fileEncoding = 4; lastKnownFileType = sourcecode.c.h; path = ntpViewController.h; sourceTree = "<group>"; };
		86CE9ED61A2841FB00AFDE79 /* ntpViewController.m */ = {isa = PBXFileReference; fileEncoding = 4; lastKnownFileType = sourcecode.c.objc; path = ntpViewController.m; sourceTree = "<group>"; };
		86F300AE1A14815C0078CBF9 /* libios-lib.a */ = {isa = PBXFileReference; explicitFileType = archive.ar; includeInIndex = 0; path = "libios-lib.a"; sourceTree = BUILT_PRODUCTS_DIR; };
		D91E95D913D9AF8C004E4194 /* NetAssociation.h */ = {isa = PBXFileReference; fileEncoding = 4; lastKnownFileType = sourcecode.c.h; path = NetAssociation.h; sourceTree = "<group>"; };
		D91E95DA13D9AF8C004E4194 /* NetAssociation.m */ = {isa = PBXFileReference; fileEncoding = 4; lastKnownFileType = sourcecode.c.objc; path = NetAssociation.m; sourceTree = "<group>"; };
		D91E95DB13D9AF8C004E4194 /* NetworkClock.h */ = {isa = PBXFileReference; fileEncoding = 4; lastKnownFileType = sourcecode.c.h; path = NetworkClock.h; sourceTree = "<group>"; };
		D91E95DC13D9AF8C004E4194 /* NetworkClock.m */ = {isa = PBXFileReference; fileEncoding = 4; lastKnownFileType = sourcecode.c.objc; path = NetworkClock.m; sourceTree = "<group>"; };
		D91E95DE13D9AF8C004E4194 /* main.m */ = {isa = PBXFileReference; fileEncoding = 4; lastKnownFileType = sourcecode.c.objc; path = main.m; sourceTree = "<group>"; };
		D91E95EF13D9B018004E4194 /* ntp.hosts */ = {isa = PBXFileReference; fileEncoding = 4; lastKnownFileType = text; path = ntp.hosts; sourceTree = "<group>"; };
		D91E95F013D9B018004E4194 /* ntp-app-Info.plist */ = {isa = PBXFileReference; fileEncoding = 4; lastKnownFileType = text.plist.xml; name = "ntp-app-Info.plist"; path = "../ios-ntp-rez/ntp-app-Info.plist"; sourceTree = "<group>"; };
		D91E95FA13D9B063004E4194 /* en */ = {isa = PBXFileReference; lastKnownFileType = text.plist.strings; name = en; path = InfoPlist.strings; sourceTree = "<group>"; };
		D9B2BA2B13D9B50200C9385A /* ios-ntp-Info.plist */ = {isa = PBXFileReference; lastKnownFileType = text.plist.xml; path = "ios-ntp-Info.plist"; sourceTree = "<group>"; };
		D9B2BA2C13D9B50200C9385A /* ntp-log.h */ = {isa = PBXFileReference; lastKnownFileType = sourcecode.c.h; path = "ntp-log.h"; sourceTree = "<group>"; };
		D9B2BA3213D9B6CF00C9385A /* ios-ntp.h */ = {isa = PBXFileReference; fileEncoding = 4; lastKnownFileType = sourcecode.c.h; path = "ios-ntp.h"; sourceTree = "<group>"; };
		D9B2BA3F13D9B95100C9385A /* ios-ntp.tar.gz */ = {isa = PBXFileReference; lastKnownFileType = archive.gzip; name = "ios-ntp.tar.gz"; path = "release/ios-ntp.tar.gz"; sourceTree = "<group>"; };
		D9B2BA4013D9C06100C9385A /* NSDate+NetworkClock.h */ = {isa = PBXFileReference; fileEncoding = 4; lastKnownFileType = sourcecode.c.h; path = "NSDate+NetworkClock.h"; sourceTree = "<group>"; };
		D9B2BA4113D9C06100C9385A /* NSDate+NetworkClock.m */ = {isa = PBXFileReference; fileEncoding = 4; lastKnownFileType = sourcecode.c.objc; path = "NSDate+NetworkClock.m"; sourceTree = "<group>"; };
/* End PBXFileReference section */

/* Begin PBXFrameworksBuildPhase section */
		865E53981B20B3EF0048F8B1 /* Frameworks */ = {
			isa = PBXFrameworksBuildPhase;
			buildActionMask = 2147483647;
			files = (
			);
			runOnlyForDeploymentPostprocessing = 0;
		};
		866F2B511A1D35A0008CCF83 /* Frameworks */ = {
			isa = PBXFrameworksBuildPhase;
			buildActionMask = 2147483647;
			files = (
			);
			runOnlyForDeploymentPostprocessing = 0;
		};
		86C39F0A126A1FA100A9DCD1 /* Frameworks */ = {
			isa = PBXFrameworksBuildPhase;
			buildActionMask = 2147483647;
			files = (
				8661906F126C0CD70046A2B8 /* UIKit.framework in Frameworks */,
				8661907B126C0CEC0046A2B8 /* Foundation.framework in Frameworks */,
				86619082126C0CFD0046A2B8 /* CoreGraphics.framework in Frameworks */,
				86619086126C0D120046A2B8 /* CFNetwork.framework in Frameworks */,
			);
			runOnlyForDeploymentPostprocessing = 0;
		};
		86F300AB1A14815C0078CBF9 /* Frameworks */ = {
			isa = PBXFrameworksBuildPhase;
			buildActionMask = 2147483647;
			files = (
			);
			runOnlyForDeploymentPostprocessing = 0;
		};
/* End PBXFrameworksBuildPhase section */

/* Begin PBXGroup section */
		860E46A01A4F7B9E004C705B /* ios-ntp.framework */ = {
			isa = PBXGroup;
			children = (
				860E46A11A4F7B9E004C705B /* Supporting Files */,
			);
			path = "ios-ntp.framework";
			sourceTree = "<group>";
		};
		860E46A11A4F7B9E004C705B /* Supporting Files */ = {
			isa = PBXGroup;
			children = (
				860E46A21A4F7B9E004C705B /* Info.plist */,
			);
			name = "Supporting Files";
			sourceTree = "<group>";
		};
		865E539C1B20B3EF0048F8B1 /* ntp-test */ = {
			isa = PBXGroup;
			children = (
				865E539F1B20B3EF0048F8B1 /* ntp_test.m */,
				865E539D1B20B3EF0048F8B1 /* Supporting Files */,
			);
			path = "ntp-test";
			sourceTree = "<group>";
		};
		865E539D1B20B3EF0048F8B1 /* Supporting Files */ = {
			isa = PBXGroup;
			children = (
				865E539E1B20B3EF0048F8B1 /* Info.plist */,
			);
			name = "Supporting Files";
			sourceTree = "<group>";
		};
		86C39EFE126A1FA000A9DCD1 = {
			isa = PBXGroup;
			children = (
				86C79ED61A1D657F00FC7CC2 /* ios-ntp-doc */,
				D91E95D613D9AF8C004E4194 /* network-udp */,
				D91E95D813D9AF8C004E4194 /* ios-ntp-lib */,
				D91E95E813D9B018004E4194 /* ios-ntp-rez */,
				D91E95DD13D9AF8C004E4194 /* ios-ntp-app */,
				865E539C1B20B3EF0048F8B1 /* ntp-test */,
				86C39F08126A1FA100A9DCD1 /* frameworks */,
				86C39F0E126A1FA100A9DCD1 /* products */,
				860E46A01A4F7B9E004C705B /* ios-ntp.framework */,
			);
			sourceTree = "<group>";
		};
		86C39F08126A1FA100A9DCD1 /* frameworks */ = {
			isa = PBXGroup;
			children = (
				8661906E126C0CD70046A2B8 /* UIKit.framework */,
				8661907A126C0CEC0046A2B8 /* Foundation.framework */,
				86619081126C0CFD0046A2B8 /* CoreGraphics.framework */,
				86619085126C0D120046A2B8 /* CFNetwork.framework */,
			);
			name = frameworks;
			sourceTree = "<group>";
		};
		86C39F0E126A1FA100A9DCD1 /* products */ = {
			isa = PBXGroup;
			children = (
				86C39F0D126A1FA100A9DCD1 /* ntp-app.app */,
				86F300AE1A14815C0078CBF9 /* libios-lib.a */,
				866F2B551A1D35A0008CCF83 /* ios_fwk.framework */,
				D9B2BA3F13D9B95100C9385A /* ios-ntp.tar.gz */,
				865E539B1B20B3EF0048F8B1 /* ntp-test.xctest */,
			);
			name = products;
			sourceTree = "<group>";
		};
		86C79ED61A1D657F00FC7CC2 /* ios-ntp-doc */ = {
			isa = PBXGroup;
			children = (
				867541861ACA2CD900D9990D /* ios-ntp.podspec */,
				86C2B3F51A1DA95300481E2E /* rfc5905.pdf */,
				86C79ED71A1D659F00FC7CC2 /* LICENSE */,
				86C79ED81A1D659F00FC7CC2 /* README.md */,
				862DA2551A999FC000F65F3E /* Notes */,
			);
			name = "ios-ntp-doc";
			sourceTree = "<group>";
		};
		D91E95D613D9AF8C004E4194 /* network-udp */ = {
			isa = PBXGroup;
			children = (
				199B5741151CBE5100155281 /* GCDAsyncUdpSocket.h */,
				199B5742151CBE5100155281 /* GCDAsyncUdpSocket.m */,
			);
			path = "network-udp";
			sourceTree = "<group>";
		};
		D91E95D813D9AF8C004E4194 /* ios-ntp-lib */ = {
			isa = PBXGroup;
			children = (
				D9B2BA3213D9B6CF00C9385A /* ios-ntp.h */,
				D9B2BA2C13D9B50200C9385A /* ntp-log.h */,
				D9B2BA4013D9C06100C9385A /* NSDate+NetworkClock.h */,
				D9B2BA4113D9C06100C9385A /* NSDate+NetworkClock.m */,
				D91E95D913D9AF8C004E4194 /* NetAssociation.h */,
				D91E95DA13D9AF8C004E4194 /* NetAssociation.m */,
				D91E95DB13D9AF8C004E4194 /* NetworkClock.h */,
				D91E95DC13D9AF8C004E4194 /* NetworkClock.m */,
			);
			path = "ios-ntp-lib";
			sourceTree = "<group>";
		};
		D91E95DD13D9AF8C004E4194 /* ios-ntp-app */ = {
			isa = PBXGroup;
			children = (
				D91E95F013D9B018004E4194 /* ntp-app-Info.plist */,
				D91E95DE13D9AF8C004E4194 /* main.m */,
				8602E82E1A1D5517001C265E /* ntpAppDelegate.h */,
				8602E82F1A1D5517001C265E /* ntpAppDelegate.m */,
				86CE9ED51A2841FB00AFDE79 /* ntpViewController.h */,
				86CE9ED61A2841FB00AFDE79 /* ntpViewController.m */,
			);
			path = "ios-ntp-app";
			sourceTree = "<group>";
		};
		D91E95E813D9B018004E4194 /* ios-ntp-rez */ = {
			isa = PBXGroup;
			children = (
				D91E95EF13D9B018004E4194 /* ntp.hosts */,
				D9B2BA2B13D9B50200C9385A /* ios-ntp-Info.plist */,
				D91E95F813D9B063004E4194 /* en.lproj */,
			);
			path = "ios-ntp-rez";
			sourceTree = "<group>";
		};
		D91E95F813D9B063004E4194 /* en.lproj */ = {
			isa = PBXGroup;
			children = (
				D91E95F913D9B063004E4194 /* InfoPlist.strings */,
				86734BD51A2181FD00F191CE /* Storyboard.storyboard */,
			);
			path = en.lproj;
			sourceTree = "<group>";
		};
/* End PBXGroup section */

/* Begin PBXHeadersBuildPhase section */
		866F2B521A1D35A0008CCF83 /* Headers */ = {
			isa = PBXHeadersBuildPhase;
			buildActionMask = 2147483647;
			files = (
				866F2B751A1D35DE008CCF83 /* ios-ntp.h in Headers */,
				86C2B3F71A1DAA1900481E2E /* NSDate+NetworkClock.h in Headers */,
				86C2B3F81A1DAA1900481E2E /* NetAssociation.h in Headers */,
				86C2B3F91A1DAA1900481E2E /* NetworkClock.h in Headers */,
				86C2B4041A1DAE6800481E2E /* GCDAsyncUdpSocket.h in Headers */,
			);
			runOnlyForDeploymentPostprocessing = 0;
		};
/* End PBXHeadersBuildPhase section */

/* Begin PBXNativeTarget section */
		865E539A1B20B3EF0048F8B1 /* ntp-test */ = {
			isa = PBXNativeTarget;
			buildConfigurationList = 865E53A51B20B3EF0048F8B1 /* Build configuration list for PBXNativeTarget "ntp-test" */;
			buildPhases = (
				865E53971B20B3EF0048F8B1 /* Sources */,
				865E53981B20B3EF0048F8B1 /* Frameworks */,
				865E53991B20B3EF0048F8B1 /* Resources */,
			);
			buildRules = (
			);
			dependencies = (
			);
			name = "ntp-test";
			productName = "ntp-test";
			productReference = 865E539B1B20B3EF0048F8B1 /* ntp-test.xctest */;
			productType = "com.apple.product-type.bundle.unit-test";
		};
		866F2B541A1D35A0008CCF83 /* ios_fwk */ = {
			isa = PBXNativeTarget;
			buildConfigurationList = 866F2B6E1A1D35A0008CCF83 /* Build configuration list for PBXNativeTarget "ios_fwk" */;
			buildPhases = (
				866F2B501A1D35A0008CCF83 /* Sources */,
				866F2B511A1D35A0008CCF83 /* Frameworks */,
				866F2B521A1D35A0008CCF83 /* Headers */,
				866F2B531A1D35A0008CCF83 /* Resources */,
			);
			buildRules = (
			);
			dependencies = (
			);
			name = ios_fwk;
			productName = "ios-ntp-framework";
			productReference = 866F2B551A1D35A0008CCF83 /* ios_fwk.framework */;
			productType = "com.apple.product-type.framework";
		};
		86C39F0C126A1FA100A9DCD1 /* ntp-app */ = {
			isa = PBXNativeTarget;
			buildConfigurationList = 86C39F2B126A1FA100A9DCD1 /* Build configuration list for PBXNativeTarget "ntp-app" */;
			buildPhases = (
				86C39F09126A1FA100A9DCD1 /* Sources */,
				86C39F0A126A1FA100A9DCD1 /* Frameworks */,
				86C39F0B126A1FA100A9DCD1 /* Resources */,
				866F2B711A1D35A0008CCF83 /* Embed Frameworks */,
			);
			buildRules = (
			);
			dependencies = (
			);
			name = "ntp-app";
			productName = ntpA;
			productReference = 86C39F0D126A1FA100A9DCD1 /* ntp-app.app */;
			productType = "com.apple.product-type.application";
		};
		86F300AD1A14815C0078CBF9 /* ios-lib */ = {
			isa = PBXNativeTarget;
			buildConfigurationList = 86F300BF1A14815C0078CBF9 /* Build configuration list for PBXNativeTarget "ios-lib" */;
			buildPhases = (
				86F300AA1A14815C0078CBF9 /* Sources */,
				86F300AB1A14815C0078CBF9 /* Frameworks */,
				86F300AC1A14815C0078CBF9 /* CopyFiles */,
			);
			buildRules = (
			);
			dependencies = (
			);
			name = "ios-lib";
			productName = "ios-ntp";
			productReference = 86F300AE1A14815C0078CBF9 /* libios-lib.a */;
			productType = "com.apple.product-type.library.static";
		};
/* End PBXNativeTarget section */

/* Begin PBXProject section */
		86C39F00126A1FA000A9DCD1 /* Project object */ = {
			isa = PBXProject;
			attributes = {
				LastUpgradeCheck = 0620;
				ORGANIZATIONNAME = "Ramsay Consulting";
				TargetAttributes = {
					865E539A1B20B3EF0048F8B1 = {
						CreatedOnToolsVersion = 6.3.2;
						TestTargetID = 86C39F0C126A1FA100A9DCD1;
					};
					866F2B541A1D35A0008CCF83 = {
						CreatedOnToolsVersion = 6.1;
					};
					86F300AD1A14815C0078CBF9 = {
						CreatedOnToolsVersion = 6.1;
					};
				};
			};
			buildConfigurationList = 86C39F03126A1FA000A9DCD1 /* Build configuration list for PBXProject "ios-ntp" */;
			compatibilityVersion = "Xcode 3.2";
			developmentRegion = English;
			hasScannedForEncodings = 0;
			knownRegions = (
				en,
				Base,
			);
			mainGroup = 86C39EFE126A1FA000A9DCD1;
			productRefGroup = 86C39F0E126A1FA100A9DCD1 /* products */;
			projectDirPath = "";
			projectRoot = "";
			targets = (
				86C39F0C126A1FA100A9DCD1 /* ntp-app */,
				86F300AD1A14815C0078CBF9 /* ios-lib */,
				866F2B541A1D35A0008CCF83 /* ios_fwk */,
				865E539A1B20B3EF0048F8B1 /* ntp-test */,
			);
		};
/* End PBXProject section */

/* Begin PBXResourcesBuildPhase section */
		865E53991B20B3EF0048F8B1 /* Resources */ = {
			isa = PBXResourcesBuildPhase;
			buildActionMask = 2147483647;
			files = (
			);
			runOnlyForDeploymentPostprocessing = 0;
		};
		866F2B531A1D35A0008CCF83 /* Resources */ = {
			isa = PBXResourcesBuildPhase;
			buildActionMask = 2147483647;
			files = (
				861A02BD1A4F80610070989E /* ntp.hosts in Resources */,
			);
			runOnlyForDeploymentPostprocessing = 0;
		};
		86C39F0B126A1FA100A9DCD1 /* Resources */ = {
			isa = PBXResourcesBuildPhase;
			buildActionMask = 2147483647;
			files = (
				D91E95F713D9B029004E4194 /* ntp.hosts in Resources */,
				86734BD71A2181FD00F191CE /* Storyboard.storyboard in Resources */,
				D91E95FF13D9B063004E4194 /* InfoPlist.strings in Resources */,
			);
			runOnlyForDeploymentPostprocessing = 0;
		};
/* End PBXResourcesBuildPhase section */

/* Begin PBXSourcesBuildPhase section */
		865E53971B20B3EF0048F8B1 /* Sources */ = {
			isa = PBXSourcesBuildPhase;
			buildActionMask = 2147483647;
			files = (
				865E53A01B20B3EF0048F8B1 /* ntp_test.m in Sources */,
				865E53A81B20B96C0048F8B1 /* GCDAsyncUdpSocket.m in Sources */,
				865E53A71B20B9510048F8B1 /* NetAssociation.m in Sources */,
			);
			runOnlyForDeploymentPostprocessing = 0;
		};
		866F2B501A1D35A0008CCF83 /* Sources */ = {
			isa = PBXSourcesBuildPhase;
			buildActionMask = 2147483647;
			files = (
				866F2B771A1D3624008CCF83 /* NSDate+NetworkClock.m in Sources */,
				866F2B781A1D3624008CCF83 /* NetAssociation.m in Sources */,
				866F2B791A1D3624008CCF83 /* NetworkClock.m in Sources */,
				866F2B761A1D3624008CCF83 /* GCDAsyncUdpSocket.m in Sources */,
			);
			runOnlyForDeploymentPostprocessing = 0;
		};
		86C39F09126A1FA100A9DCD1 /* Sources */ = {
			isa = PBXSourcesBuildPhase;
			buildActionMask = 2147483647;
			files = (
				D91E95E513D9AF8C004E4194 /* main.m in Sources */,
				8602E8321A1D5517001C265E /* ntpAppDelegate.m in Sources */,
				86CE9ED71A2841FB00AFDE79 /* ntpViewController.m in Sources */,
				86273CCB1A1AACBB00487A18 /* NSDate+NetworkClock.m in Sources */,
				869A7CDB1A1AB0AC00067303 /* NetAssociation.m in Sources */,
				869A7CDC1A1AB0AC00067303 /* NetworkClock.m in Sources */,
				869A7CDA1A1AB0AC00067303 /* GCDAsyncUdpSocket.m in Sources */,
			);
			runOnlyForDeploymentPostprocessing = 0;
		};
		86F300AA1A14815C0078CBF9 /* Sources */ = {
			isa = PBXSourcesBuildPhase;
			buildActionMask = 2147483647;
			files = (
				86F300CC1A1483900078CBF9 /* NSDate+NetworkClock.m in Sources */,
				86F300C61A1481C00078CBF9 /* NetAssociation.m in Sources */,
				86F300C81A1481C00078CBF9 /* NetworkClock.m in Sources */,
				8602E82D1A1D50A4001C265E /* GCDAsyncUdpSocket.m in Sources */,
			);
			runOnlyForDeploymentPostprocessing = 0;
		};
/* End PBXSourcesBuildPhase section */

/* Begin PBXVariantGroup section */
		86734BD51A2181FD00F191CE /* Storyboard.storyboard */ = {
			isa = PBXVariantGroup;
			children = (
				86734BD61A2181FD00F191CE /* en */,
			);
			name = Storyboard.storyboard;
			sourceTree = "<group>";
		};
		D91E95F913D9B063004E4194 /* InfoPlist.strings */ = {
			isa = PBXVariantGroup;
			children = (
				D91E95FA13D9B063004E4194 /* en */,
			);
			name = InfoPlist.strings;
			sourceTree = "<group>";
		};
/* End PBXVariantGroup section */

/* Begin XCBuildConfiguration section */
		865E53A31B20B3EF0048F8B1 /* Debug */ = {
			isa = XCBuildConfiguration;
			buildSettings = {
				ALWAYS_SEARCH_USER_PATHS = NO;
				BUNDLE_LOADER = "$(TEST_HOST)";
				CLANG_CXX_LANGUAGE_STANDARD = "gnu++0x";
				CLANG_CXX_LIBRARY = "libc++";
				CLANG_ENABLE_MODULES = YES;
				CLANG_WARN_BOOL_CONVERSION = YES;
				CLANG_WARN_CONSTANT_CONVERSION = YES;
				CLANG_WARN_DIRECT_OBJC_ISA_USAGE = YES_ERROR;
				CLANG_WARN_EMPTY_BODY = YES;
				CLANG_WARN_ENUM_CONVERSION = YES;
				CLANG_WARN_INT_CONVERSION = YES;
				CLANG_WARN_OBJC_ROOT_CLASS = YES_ERROR;
				CLANG_WARN_UNREACHABLE_CODE = YES;
				CLANG_WARN__DUPLICATE_METHOD_MATCH = YES;
				COPY_PHASE_STRIP = NO;
				DEBUG_INFORMATION_FORMAT = "dwarf-with-dsym";
				ENABLE_STRICT_OBJC_MSGSEND = YES;
				FRAMEWORK_SEARCH_PATHS = (
					"$(SDKROOT)/Developer/Library/Frameworks",
					"$(inherited)",
				);
				GCC_C_LANGUAGE_STANDARD = gnu99;
				GCC_DYNAMIC_NO_PIC = NO;
				GCC_NO_COMMON_BLOCKS = YES;
				GCC_PREPROCESSOR_DEFINITIONS = (
					"DEBUG=1",
					"$(inherited)",
				);
				GCC_SYMBOLS_PRIVATE_EXTERN = NO;
				GCC_WARN_64_TO_32_BIT_CONVERSION = YES;
				GCC_WARN_ABOUT_RETURN_TYPE = YES_ERROR;
				GCC_WARN_UNDECLARED_SELECTOR = YES;
				GCC_WARN_UNINITIALIZED_AUTOS = YES_AGGRESSIVE;
				GCC_WARN_UNUSED_FUNCTION = YES;
				INFOPLIST_FILE = "ntp-test/Info.plist";
				IPHONEOS_DEPLOYMENT_TARGET = 8.3;
				LD_RUNPATH_SEARCH_PATHS = "$(inherited) @executable_path/Frameworks @loader_path/Frameworks";
				MTL_ENABLE_DEBUG_INFO = YES;
				PRODUCT_NAME = "$(TARGET_NAME)";
				TEST_HOST = "$(BUILT_PRODUCTS_DIR)/ntp-app.app/ntp-app";
			};
			name = Debug;
		};
		865E53A41B20B3EF0048F8B1 /* Release */ = {
			isa = XCBuildConfiguration;
			buildSettings = {
				ALWAYS_SEARCH_USER_PATHS = NO;
				BUNDLE_LOADER = "$(TEST_HOST)";
				CLANG_CXX_LANGUAGE_STANDARD = "gnu++0x";
				CLANG_CXX_LIBRARY = "libc++";
				CLANG_ENABLE_MODULES = YES;
				CLANG_WARN_BOOL_CONVERSION = YES;
				CLANG_WARN_CONSTANT_CONVERSION = YES;
				CLANG_WARN_DIRECT_OBJC_ISA_USAGE = YES_ERROR;
				CLANG_WARN_EMPTY_BODY = YES;
				CLANG_WARN_ENUM_CONVERSION = YES;
				CLANG_WARN_INT_CONVERSION = YES;
				CLANG_WARN_OBJC_ROOT_CLASS = YES_ERROR;
				CLANG_WARN_UNREACHABLE_CODE = YES;
				CLANG_WARN__DUPLICATE_METHOD_MATCH = YES;
				COPY_PHASE_STRIP = NO;
				DEBUG_INFORMATION_FORMAT = "dwarf-with-dsym";
				ENABLE_NS_ASSERTIONS = NO;
				ENABLE_STRICT_OBJC_MSGSEND = YES;
				FRAMEWORK_SEARCH_PATHS = (
					"$(SDKROOT)/Developer/Library/Frameworks",
					"$(inherited)",
				);
				GCC_C_LANGUAGE_STANDARD = gnu99;
				GCC_NO_COMMON_BLOCKS = YES;
				GCC_WARN_64_TO_32_BIT_CONVERSION = YES;
				GCC_WARN_ABOUT_RETURN_TYPE = YES_ERROR;
				GCC_WARN_UNDECLARED_SELECTOR = YES;
				GCC_WARN_UNINITIALIZED_AUTOS = YES_AGGRESSIVE;
				GCC_WARN_UNUSED_FUNCTION = YES;
				INFOPLIST_FILE = "ntp-test/Info.plist";
				IPHONEOS_DEPLOYMENT_TARGET = 8.3;
				LD_RUNPATH_SEARCH_PATHS = "$(inherited) @executable_path/Frameworks @loader_path/Frameworks";
				MTL_ENABLE_DEBUG_INFO = NO;
				PRODUCT_NAME = "$(TARGET_NAME)";
				TEST_HOST = "$(BUILT_PRODUCTS_DIR)/ntp-app.app/ntp-app";
				VALIDATE_PRODUCT = YES;
			};
			name = Release;
		};
		866F2B6F1A1D35A0008CCF83 /* Debug */ = {
			isa = XCBuildConfiguration;
			buildSettings = {
				ALWAYS_SEARCH_USER_PATHS = NO;
				CLANG_CXX_LANGUAGE_STANDARD = "gnu++0x";
				CLANG_CXX_LIBRARY = "libc++";
				CLANG_ENABLE_MODULES = YES;
				CLANG_WARN_BOOL_CONVERSION = YES;
				CLANG_WARN_CONSTANT_CONVERSION = YES;
				CLANG_WARN_DIRECT_OBJC_ISA_USAGE = YES_ERROR;
				CLANG_WARN_EMPTY_BODY = YES;
				CLANG_WARN_ENUM_CONVERSION = YES;
				CLANG_WARN_INT_CONVERSION = YES;
				CLANG_WARN_OBJC_ROOT_CLASS = YES_ERROR;
				CLANG_WARN_UNREACHABLE_CODE = YES;
				CLANG_WARN__DUPLICATE_METHOD_MATCH = YES;
				CODE_SIGN_IDENTITY = "iPhone Developer";
				COPY_PHASE_STRIP = NO;
				CURRENT_PROJECT_VERSION = 1;
				DEFINES_MODULE = YES;
				DYLIB_COMPATIBILITY_VERSION = 1;
				DYLIB_CURRENT_VERSION = 1;
				DYLIB_INSTALL_NAME_BASE = "@rpath";
				ENABLE_STRICT_OBJC_MSGSEND = YES;
				GCC_DYNAMIC_NO_PIC = NO;
				GCC_PRECOMPILE_PREFIX_HEADER = YES;
				GCC_PREFIX_HEADER = "";
				GCC_PREPROCESSOR_DEFINITIONS = (
					"DEBUG=1",
					"$(inherited)",
				);
				GCC_SYMBOLS_PRIVATE_EXTERN = NO;
				GCC_WARN_64_TO_32_BIT_CONVERSION = YES;
				GCC_WARN_ABOUT_RETURN_TYPE = YES_ERROR;
				GCC_WARN_UNDECLARED_SELECTOR = YES;
				GCC_WARN_UNINITIALIZED_AUTOS = YES_AGGRESSIVE;
				GCC_WARN_UNUSED_FUNCTION = YES;
				INFOPLIST_FILE = "$(SRCROOT)/ios-ntp-rez/ios-ntp-Info.plist";
				INSTALL_PATH = "$(LOCAL_LIBRARY_DIR)/Frameworks";
				IPHONEOS_DEPLOYMENT_TARGET = 8.0;
				LD_RUNPATH_SEARCH_PATHS = "$(inherited) @executable_path/Frameworks @loader_path/Frameworks";
				MTL_ENABLE_DEBUG_INFO = YES;
				ONLY_ACTIVE_ARCH = YES;
				PRODUCT_NAME = "$(TARGET_NAME)";
				SKIP_INSTALL = YES;
				TARGETED_DEVICE_FAMILY = "1,2";
				VERSIONING_SYSTEM = "apple-generic";
			};
			name = Debug;
		};
		866F2B701A1D35A0008CCF83 /* Release */ = {
			isa = XCBuildConfiguration;
			buildSettings = {
				ALWAYS_SEARCH_USER_PATHS = NO;
				CLANG_CXX_LANGUAGE_STANDARD = "gnu++0x";
				CLANG_CXX_LIBRARY = "libc++";
				CLANG_ENABLE_MODULES = YES;
				CLANG_WARN_BOOL_CONVERSION = YES;
				CLANG_WARN_CONSTANT_CONVERSION = YES;
				CLANG_WARN_DIRECT_OBJC_ISA_USAGE = YES_ERROR;
				CLANG_WARN_EMPTY_BODY = YES;
				CLANG_WARN_ENUM_CONVERSION = YES;
				CLANG_WARN_INT_CONVERSION = YES;
				CLANG_WARN_OBJC_ROOT_CLASS = YES_ERROR;
				CLANG_WARN_UNREACHABLE_CODE = YES;
				CLANG_WARN__DUPLICATE_METHOD_MATCH = YES;
				CODE_SIGN_IDENTITY = "iPhone Distribution";
				COPY_PHASE_STRIP = YES;
				CURRENT_PROJECT_VERSION = 1;
				DEFINES_MODULE = YES;
				DYLIB_COMPATIBILITY_VERSION = 1;
				DYLIB_CURRENT_VERSION = 1;
				DYLIB_INSTALL_NAME_BASE = "@rpath";
				ENABLE_NS_ASSERTIONS = NO;
				ENABLE_STRICT_OBJC_MSGSEND = YES;
				GCC_PRECOMPILE_PREFIX_HEADER = YES;
				GCC_PREFIX_HEADER = "";
				GCC_WARN_64_TO_32_BIT_CONVERSION = YES;
				GCC_WARN_ABOUT_RETURN_TYPE = YES_ERROR;
				GCC_WARN_UNDECLARED_SELECTOR = YES;
				GCC_WARN_UNINITIALIZED_AUTOS = YES_AGGRESSIVE;
				GCC_WARN_UNUSED_FUNCTION = YES;
				INFOPLIST_FILE = "$(SRCROOT)/ios-ntp-rez/ios-ntp-Info.plist";
				INSTALL_PATH = "$(LOCAL_LIBRARY_DIR)/Frameworks";
				IPHONEOS_DEPLOYMENT_TARGET = 8.0;
				LD_RUNPATH_SEARCH_PATHS = "$(inherited) @executable_path/Frameworks @loader_path/Frameworks";
				MTL_ENABLE_DEBUG_INFO = NO;
				PRODUCT_NAME = "$(TARGET_NAME)";
				SKIP_INSTALL = YES;
				TARGETED_DEVICE_FAMILY = "1,2";
				VALIDATE_PRODUCT = YES;
				VERSIONING_SYSTEM = "apple-generic";
			};
			name = Release;
		};
		86C39F29126A1FA100A9DCD1 /* Debug */ = {
			isa = XCBuildConfiguration;
			buildSettings = {
				CLANG_ENABLE_OBJC_ARC = YES;
				CODE_SIGN_IDENTITY = "iPhone Developer";
				"CODE_SIGN_IDENTITY[sdk=iphoneos*]" = "iPhone Developer";
				GCC_OPTIMIZATION_LEVEL = 0;
				GCC_PREPROCESSOR_DEFINITIONS = IOS_NTP_LOGGING;
				GCC_VERSION = "";
				GCC_WARN_ABOUT_RETURN_TYPE = YES;
				GCC_WARN_UNUSED_VARIABLE = YES;
				IPHONEOS_DEPLOYMENT_TARGET = 7.0;
				ONLY_ACTIVE_ARCH = YES;
				SDKROOT = iphoneos;
				TARGETED_DEVICE_FAMILY = "1,2";
				USER_HEADER_SEARCH_PATHS = "$SRCROOT/**";
			};
			name = Debug;
		};
		86C39F2A126A1FA100A9DCD1 /* Release */ = {
			isa = XCBuildConfiguration;
			buildSettings = {
				CLANG_ENABLE_OBJC_ARC = YES;
				CODE_SIGN_IDENTITY = "iPhone Distribution";
				"CODE_SIGN_IDENTITY[sdk=iphoneos*]" = "iPhone Distribution";
				GCC_VERSION = "";
				GCC_WARN_ABOUT_RETURN_TYPE = YES;
				GCC_WARN_UNUSED_VARIABLE = YES;
				IPHONEOS_DEPLOYMENT_TARGET = 7.0;
				OTHER_CFLAGS = "-DNS_BLOCK_ASSERTIONS=1";
				SDKROOT = iphoneos;
				TARGETED_DEVICE_FAMILY = "1,2";
				USER_HEADER_SEARCH_PATHS = "$SRCROOT/**";
			};
			name = Release;
		};
		86C39F2C126A1FA100A9DCD1 /* Debug */ = {
			isa = XCBuildConfiguration;
			buildSettings = {
				ALWAYS_SEARCH_USER_PATHS = NO;
				CLANG_ENABLE_OBJC_ARC = YES;
				CODE_SIGN_IDENTITY = "iPhone Developer";
				COPY_PHASE_STRIP = NO;
				GCC_DYNAMIC_NO_PIC = NO;
				GCC_PREPROCESSOR_DEFINITIONS = IOS_NTP_LOGGING;
				GCC_VERSION = "";
				INFOPLIST_FILE = "ios-ntp-rez/ntp-app-Info.plist";
				IPHONEOS_DEPLOYMENT_TARGET = 7.0;
				LD_RUNPATH_SEARCH_PATHS = "$(inherited) @executable_path/Frameworks";
				PRODUCT_NAME = "$(TARGET_NAME)";
				TARGETED_DEVICE_FAMILY = 1;
				WRAPPER_EXTENSION = app;
			};
			name = Debug;
		};
		86C39F2D126A1FA100A9DCD1 /* Release */ = {
			isa = XCBuildConfiguration;
			buildSettings = {
				ALWAYS_SEARCH_USER_PATHS = NO;
				CLANG_ENABLE_OBJC_ARC = YES;
				CODE_SIGN_IDENTITY = "iPhone Distribution";
				COPY_PHASE_STRIP = YES;
				GCC_VERSION = "";
				INFOPLIST_FILE = "ios-ntp-rez/ntp-app-Info.plist";
				IPHONEOS_DEPLOYMENT_TARGET = 7.0;
				LD_RUNPATH_SEARCH_PATHS = "$(inherited) @executable_path/Frameworks";
				PRODUCT_NAME = "$(TARGET_NAME)";
				TARGETED_DEVICE_FAMILY = 1;
				VALIDATE_PRODUCT = YES;
				WRAPPER_EXTENSION = app;
			};
			name = Release;
		};
		86F300C01A14815C0078CBF9 /* Debug */ = {
			isa = XCBuildConfiguration;
			buildSettings = {
				CLANG_WARN_BOOL_CONVERSION = YES;
				CLANG_WARN_CONSTANT_CONVERSION = YES;
				CLANG_WARN_EMPTY_BODY = YES;
				CLANG_WARN_ENUM_CONVERSION = YES;
				CLANG_WARN_INT_CONVERSION = YES;
				CLANG_WARN_UNREACHABLE_CODE = YES;
				CLANG_WARN__DUPLICATE_METHOD_MATCH = YES;
				COPY_PHASE_STRIP = NO;
				ENABLE_STRICT_OBJC_MSGSEND = YES;
				GCC_PRECOMPILE_PREFIX_HEADER = YES;
				GCC_PREPROCESSOR_DEFINITIONS = (
					"DEBUG=1",
					"$(inherited)",
				);
				GCC_WARN_64_TO_32_BIT_CONVERSION = YES;
				GCC_WARN_ABOUT_RETURN_TYPE = YES_ERROR;
				GCC_WARN_UNDECLARED_SELECTOR = YES;
				GCC_WARN_UNINITIALIZED_AUTOS = YES_AGGRESSIVE;
				GCC_WARN_UNUSED_FUNCTION = YES;
				MTL_ENABLE_DEBUG_INFO = YES;
				ONLY_ACTIVE_ARCH = YES;
				OTHER_LDFLAGS = "-ObjC";
				PRODUCT_NAME = "$(TARGET_NAME)";
				SKIP_INSTALL = YES;
			};
			name = Debug;
		};
		86F300C11A14815C0078CBF9 /* Release */ = {
			isa = XCBuildConfiguration;
			buildSettings = {
				CLANG_WARN_BOOL_CONVERSION = YES;
				CLANG_WARN_CONSTANT_CONVERSION = YES;
				CLANG_WARN_EMPTY_BODY = YES;
				CLANG_WARN_ENUM_CONVERSION = YES;
				CLANG_WARN_INT_CONVERSION = YES;
				CLANG_WARN_UNREACHABLE_CODE = YES;
				CLANG_WARN__DUPLICATE_METHOD_MATCH = YES;
				COPY_PHASE_STRIP = YES;
				ENABLE_NS_ASSERTIONS = NO;
				ENABLE_STRICT_OBJC_MSGSEND = YES;
				GCC_PRECOMPILE_PREFIX_HEADER = YES;
				GCC_WARN_64_TO_32_BIT_CONVERSION = YES;
				GCC_WARN_ABOUT_RETURN_TYPE = YES_ERROR;
				GCC_WARN_UNDECLARED_SELECTOR = YES;
				GCC_WARN_UNINITIALIZED_AUTOS = YES_AGGRESSIVE;
				GCC_WARN_UNUSED_FUNCTION = YES;
				MTL_ENABLE_DEBUG_INFO = NO;
				OTHER_LDFLAGS = "-ObjC";
				PRODUCT_NAME = "$(TARGET_NAME)";
				SKIP_INSTALL = YES;
				VALIDATE_PRODUCT = YES;
			};
			name = Release;
		};
/* End XCBuildConfiguration section */

/* Begin XCConfigurationList section */
		865E53A51B20B3EF0048F8B1 /* Build configuration list for PBXNativeTarget "ntp-test" */ = {
			isa = XCConfigurationList;
			buildConfigurations = (
				865E53A31B20B3EF0048F8B1 /* Debug */,
				865E53A41B20B3EF0048F8B1 /* Release */,
			);
			defaultConfigurationIsVisible = 0;
		};
		866F2B6E1A1D35A0008CCF83 /* Build configuration list for PBXNativeTarget "ios_fwk" */ = {
			isa = XCConfigurationList;
			buildConfigurations = (
				866F2B6F1A1D35A0008CCF83 /* Debug */,
				866F2B701A1D35A0008CCF83 /* Release */,
			);
			defaultConfigurationIsVisible = 0;
			defaultConfigurationName = Release;
		};
		86C39F03126A1FA000A9DCD1 /* Build configuration list for PBXProject "ios-ntp" */ = {
			isa = XCConfigurationList;
			buildConfigurations = (
				86C39F29126A1FA100A9DCD1 /* Debug */,
				86C39F2A126A1FA100A9DCD1 /* Release */,
			);
			defaultConfigurationIsVisible = 0;
			defaultConfigurationName = Release;
		};
		86C39F2B126A1FA100A9DCD1 /* Build configuration list for PBXNativeTarget "ntp-app" */ = {
			isa = XCConfigurationList;
			buildConfigurations = (
				86C39F2C126A1FA100A9DCD1 /* Debug */,
				86C39F2D126A1FA100A9DCD1 /* Release */,
			);
			defaultConfigurationIsVisible = 0;
			defaultConfigurationName = Release;
		};
		86F300BF1A14815C0078CBF9 /* Build configuration list for PBXNativeTarget "ios-lib" */ = {
			isa = XCConfigurationList;
			buildConfigurations = (
				86F300C01A14815C0078CBF9 /* Debug */,
				86F300C11A14815C0078CBF9 /* Release */,
			);
			defaultConfigurationIsVisible = 0;
			defaultConfigurationName = Release;
		};
/* End XCConfigurationList section */
	};
	rootObject = 86C39F00126A1FA000A9DCD1 /* Project object */;
}
