// !$*UTF8*$!
{
	archiveVersion = 1;
	classes = {
	};
	objectVersion = 46;
	objects = {

/* Begin PBXBuildFile section */
		3470C4CE15DB290A009295B2 /* Foundation.framework in Frameworks */ = {isa = PBXBuildFile; fileRef = 3470C4CD15DB290A009295B2 /* Foundation.framework */; };
		3470C4E015DB2947009295B2 /* UIKit.framework in Frameworks */ = {isa = PBXBuildFile; fileRef = 3470C4DF15DB2947009295B2 /* UIKit.framework */; };
		3470C4E115DB2947009295B2 /* Foundation.framework in Frameworks */ = {isa = PBXBuildFile; fileRef = 3470C4CD15DB290A009295B2 /* Foundation.framework */; };
		3470C4E315DB2947009295B2 /* CoreGraphics.framework in Frameworks */ = {isa = PBXBuildFile; fileRef = 3470C4E215DB2947009295B2 /* CoreGraphics.framework */; };
		3470C4F315DB29D8009295B2 /* GCDAsyncUdpSocket.m in Sources */ = {isa = PBXBuildFile; fileRef = 199B5742151CBE5100155281 /* GCDAsyncUdpSocket.m */; };
		3470C4F415DB29D8009295B2 /* NSDate+NetworkClock.m in Sources */ = {isa = PBXBuildFile; fileRef = D9B2BA4113D9C06100C9385A /* NSDate+NetworkClock.m */; };
		3470C4F515DB29D8009295B2 /* NetAssociation.m in Sources */ = {isa = PBXBuildFile; fileRef = D91E95DA13D9AF8C004E4194 /* NetAssociation.m */; };
		3470C4F615DB29D8009295B2 /* NetworkClock.m in Sources */ = {isa = PBXBuildFile; fileRef = D91E95DC13D9AF8C004E4194 /* NetworkClock.m */; };
		3470C4F815DB2A0B009295B2 /* GCDAsyncUdpSocket.h in Headers */ = {isa = PBXBuildFile; fileRef = 199B5741151CBE5100155281 /* GCDAsyncUdpSocket.h */; settings = {ATTRIBUTES = (Public, ); }; };
		3470C4F915DB2A0B009295B2 /* NSDate+NetworkClock.h in Headers */ = {isa = PBXBuildFile; fileRef = D9B2BA4013D9C06100C9385A /* NSDate+NetworkClock.h */; settings = {ATTRIBUTES = (Public, ); }; };
		3470C4FA15DB2A0B009295B2 /* ios-ntp.h in Headers */ = {isa = PBXBuildFile; fileRef = D9B2BA3213D9B6CF00C9385A /* ios-ntp.h */; settings = {ATTRIBUTES = (Public, ); }; };
		3470C4FB15DB2A0B009295B2 /* NetAssociation.h in Headers */ = {isa = PBXBuildFile; fileRef = D91E95D913D9AF8C004E4194 /* NetAssociation.h */; settings = {ATTRIBUTES = (Public, ); }; };
		3470C4FC15DB2A0B009295B2 /* NetworkClock.h in Headers */ = {isa = PBXBuildFile; fileRef = D91E95DB13D9AF8C004E4194 /* NetworkClock.h */; settings = {ATTRIBUTES = (Public, ); }; };
		3470C4FF15DB2BBC009295B2 /* libios-ntp.a in Frameworks */ = {isa = PBXBuildFile; fileRef = 3470C4CB15DB290A009295B2 /* libios-ntp.a */; };
		3470C50015DB2BD9009295B2 /* main.m in Sources */ = {isa = PBXBuildFile; fileRef = D91E95DE13D9AF8C004E4194 /* main.m */; };
		3470C50115DB2BD9009295B2 /* ntpAAppDelegate.m in Sources */ = {isa = PBXBuildFile; fileRef = D91E95E013D9AF8C004E4194 /* ntpAAppDelegate.m */; };
		3470C50215DB2BD9009295B2 /* ntpAViewController.m in Sources */ = {isa = PBXBuildFile; fileRef = D91E95E213D9AF8C004E4194 /* ntpAViewController.m */; };
		3470C50315DB2CAF009295B2 /* MainWindow.xib in Resources */ = {isa = PBXBuildFile; fileRef = D91E95FB13D9B063004E4194 /* MainWindow.xib */; };
		3470C50415DB2CB3009295B2 /* ntpAViewController.xib in Resources */ = {isa = PBXBuildFile; fileRef = D91E95FD13D9B063004E4194 /* ntpAViewController.xib */; };
		3470C50515DB2CB9009295B2 /* InfoPlist.strings in Resources */ = {isa = PBXBuildFile; fileRef = D91E95F913D9B063004E4194 /* InfoPlist.strings */; };
		3470C50615DB2CBE009295B2 /* ntp.hosts in Resources */ = {isa = PBXBuildFile; fileRef = D91E95EF13D9B018004E4194 /* ntp.hosts */; };
/* End PBXBuildFile section */

/* Begin PBXContainerItemProxy section */
		3470C4FD15DB2BB4009295B2 /* PBXContainerItemProxy */ = {
			isa = PBXContainerItemProxy;
			containerPortal = 86C39F00126A1FA000A9DCD1 /* Project object */;
			proxyType = 1;
			remoteGlobalIDString = 3470C4CA15DB290A009295B2;
			remoteInfo = "ios-ntp";
		};
/* End PBXContainerItemProxy section */

/* Begin PBXFileReference section */
		199B5741151CBE5100155281 /* GCDAsyncUdpSocket.h */ = {isa = PBXFileReference; fileEncoding = 4; lastKnownFileType = sourcecode.c.h; path = GCDAsyncUdpSocket.h; sourceTree = "<group>"; };
		199B5742151CBE5100155281 /* GCDAsyncUdpSocket.m */ = {isa = PBXFileReference; fileEncoding = 4; lastKnownFileType = sourcecode.c.objc; path = GCDAsyncUdpSocket.m; sourceTree = "<group>"; };
		3470C4CB15DB290A009295B2 /* libios-ntp.a */ = {isa = PBXFileReference; explicitFileType = archive.ar; includeInIndex = 0; path = "libios-ntp.a"; sourceTree = BUILT_PRODUCTS_DIR; };
		3470C4CD15DB290A009295B2 /* Foundation.framework */ = {isa = PBXFileReference; lastKnownFileType = wrapper.framework; name = Foundation.framework; path = System/Library/Frameworks/Foundation.framework; sourceTree = SDKROOT; };
		3470C4DD15DB2947009295B2 /* ntpA.app */ = {isa = PBXFileReference; explicitFileType = wrapper.application; includeInIndex = 0; path = ntpA.app; sourceTree = BUILT_PRODUCTS_DIR; };
		3470C4DF15DB2947009295B2 /* UIKit.framework */ = {isa = PBXFileReference; lastKnownFileType = wrapper.framework; name = UIKit.framework; path = System/Library/Frameworks/UIKit.framework; sourceTree = SDKROOT; };
		3470C4E215DB2947009295B2 /* CoreGraphics.framework */ = {isa = PBXFileReference; lastKnownFileType = wrapper.framework; name = CoreGraphics.framework; path = System/Library/Frameworks/CoreGraphics.framework; sourceTree = SDKROOT; };
		8661906E126C0CD70046A2B8 /* UIKit.framework */ = {isa = PBXFileReference; lastKnownFileType = wrapper.framework; name = UIKit.framework; path = System/Library/Frameworks/UIKit.framework; sourceTree = SDKROOT; };
		8661907A126C0CEC0046A2B8 /* Foundation.framework */ = {isa = PBXFileReference; lastKnownFileType = wrapper.framework; name = Foundation.framework; path = System/Library/Frameworks/Foundation.framework; sourceTree = SDKROOT; };
		86619081126C0CFD0046A2B8 /* CoreGraphics.framework */ = {isa = PBXFileReference; lastKnownFileType = wrapper.framework; name = CoreGraphics.framework; path = System/Library/Frameworks/CoreGraphics.framework; sourceTree = SDKROOT; };
		86619085126C0D120046A2B8 /* CFNetwork.framework */ = {isa = PBXFileReference; lastKnownFileType = wrapper.framework; name = CFNetwork.framework; path = System/Library/Frameworks/CFNetwork.framework; sourceTree = SDKROOT; };
		D91E95D913D9AF8C004E4194 /* NetAssociation.h */ = {isa = PBXFileReference; fileEncoding = 4; lastKnownFileType = sourcecode.c.h; path = NetAssociation.h; sourceTree = "<group>"; };
		D91E95DA13D9AF8C004E4194 /* NetAssociation.m */ = {isa = PBXFileReference; fileEncoding = 4; lastKnownFileType = sourcecode.c.objc; path = NetAssociation.m; sourceTree = "<group>"; };
		D91E95DB13D9AF8C004E4194 /* NetworkClock.h */ = {isa = PBXFileReference; fileEncoding = 4; lastKnownFileType = sourcecode.c.h; path = NetworkClock.h; sourceTree = "<group>"; };
		D91E95DC13D9AF8C004E4194 /* NetworkClock.m */ = {isa = PBXFileReference; fileEncoding = 4; lastKnownFileType = sourcecode.c.objc; path = NetworkClock.m; sourceTree = "<group>"; };
		D91E95DE13D9AF8C004E4194 /* main.m */ = {isa = PBXFileReference; fileEncoding = 4; lastKnownFileType = sourcecode.c.objc; path = main.m; sourceTree = "<group>"; };
		D91E95DF13D9AF8C004E4194 /* ntpAAppDelegate.h */ = {isa = PBXFileReference; fileEncoding = 4; lastKnownFileType = sourcecode.c.h; path = ntpAAppDelegate.h; sourceTree = "<group>"; };
		D91E95E013D9AF8C004E4194 /* ntpAAppDelegate.m */ = {isa = PBXFileReference; fileEncoding = 4; lastKnownFileType = sourcecode.c.objc; path = ntpAAppDelegate.m; sourceTree = "<group>"; };
		D91E95E113D9AF8C004E4194 /* ntpAViewController.h */ = {isa = PBXFileReference; fileEncoding = 4; lastKnownFileType = sourcecode.c.h; path = ntpAViewController.h; sourceTree = "<group>"; };
		D91E95E213D9AF8C004E4194 /* ntpAViewController.m */ = {isa = PBXFileReference; fileEncoding = 4; lastKnownFileType = sourcecode.c.objc; path = ntpAViewController.m; sourceTree = "<group>"; };
		D91E95EF13D9B018004E4194 /* ntp.hosts */ = {isa = PBXFileReference; fileEncoding = 4; lastKnownFileType = text; path = ntp.hosts; sourceTree = "<group>"; };
		D91E95F013D9B018004E4194 /* ntpA-Info.plist */ = {isa = PBXFileReference; fileEncoding = 4; lastKnownFileType = text.plist.xml; path = "ntpA-Info.plist"; sourceTree = "<group>"; };
		D91E95F113D9B018004E4194 /* ntpA_Prefix.pch */ = {isa = PBXFileReference; fileEncoding = 4; lastKnownFileType = sourcecode.c.h; path = ntpA_Prefix.pch; sourceTree = "<group>"; };
		D91E95FA13D9B063004E4194 /* en */ = {isa = PBXFileReference; lastKnownFileType = text.plist.strings; name = en; path = InfoPlist.strings; sourceTree = "<group>"; };
		D91E95FC13D9B063004E4194 /* en */ = {isa = PBXFileReference; lastKnownFileType = file.xib; name = en; path = MainWindow.xib; sourceTree = "<group>"; };
		D91E95FE13D9B063004E4194 /* en */ = {isa = PBXFileReference; lastKnownFileType = file.xib; name = en; path = ntpAViewController.xib; sourceTree = "<group>"; };
		D9B2BA2B13D9B50200C9385A /* ios-ntp-Info.plist */ = {isa = PBXFileReference; lastKnownFileType = text.plist.xml; path = "ios-ntp-Info.plist"; sourceTree = "<group>"; };
		D9B2BA2C13D9B50200C9385A /* ios-ntp-Prefix.pch */ = {isa = PBXFileReference; lastKnownFileType = sourcecode.c.h; path = "ios-ntp-Prefix.pch"; sourceTree = "<group>"; };
		D9B2BA3213D9B6CF00C9385A /* ios-ntp.h */ = {isa = PBXFileReference; fileEncoding = 4; lastKnownFileType = sourcecode.c.h; path = "ios-ntp.h"; sourceTree = "<group>"; };
		D9B2BA4013D9C06100C9385A /* NSDate+NetworkClock.h */ = {isa = PBXFileReference; fileEncoding = 4; lastKnownFileType = sourcecode.c.h; path = "NSDate+NetworkClock.h"; sourceTree = "<group>"; };
		D9B2BA4113D9C06100C9385A /* NSDate+NetworkClock.m */ = {isa = PBXFileReference; fileEncoding = 4; lastKnownFileType = sourcecode.c.objc; path = "NSDate+NetworkClock.m"; sourceTree = "<group>"; };
/* End PBXFileReference section */

/* Begin PBXFrameworksBuildPhase section */
		3470C4C815DB290A009295B2 /* Frameworks */ = {
			isa = PBXFrameworksBuildPhase;
			buildActionMask = 2147483647;
			files = (
				3470C4CE15DB290A009295B2 /* Foundation.framework in Frameworks */,
			);
			runOnlyForDeploymentPostprocessing = 0;
		};
		3470C4DA15DB2947009295B2 /* Frameworks */ = {
			isa = PBXFrameworksBuildPhase;
			buildActionMask = 2147483647;
			files = (
				3470C4FF15DB2BBC009295B2 /* libios-ntp.a in Frameworks */,
				3470C4E015DB2947009295B2 /* UIKit.framework in Frameworks */,
				3470C4E115DB2947009295B2 /* Foundation.framework in Frameworks */,
				3470C4E315DB2947009295B2 /* CoreGraphics.framework in Frameworks */,
			);
			runOnlyForDeploymentPostprocessing = 0;
		};
/* End PBXFrameworksBuildPhase section */

/* Begin PBXGroup section */
		3470C4CC15DB290A009295B2 /* Frameworks */ = {
			isa = PBXGroup;
			children = (
				3470C4CD15DB290A009295B2 /* Foundation.framework */,
				3470C4DF15DB2947009295B2 /* UIKit.framework */,
				3470C4E215DB2947009295B2 /* CoreGraphics.framework */,
			);
			name = Frameworks;
			sourceTree = "<group>";
		};
		86C39EFE126A1FA000A9DCD1 = {
			isa = PBXGroup;
			children = (
				D91E95D613D9AF8C004E4194 /* lib */,
				D91E95D813D9AF8C004E4194 /* src */,
				D91E95DD13D9AF8C004E4194 /* test */,
				D91E95E813D9B018004E4194 /* resources */,
				86C39F08126A1FA100A9DCD1 /* frameworks */,
				86C39F0E126A1FA100A9DCD1 /* products */,
				3470C4CC15DB290A009295B2 /* Frameworks */,
			);
			sourceTree = "<group>";
		};
		86C39F08126A1FA100A9DCD1 /* frameworks */ = {
			isa = PBXGroup;
			children = (
				8661906E126C0CD70046A2B8 /* UIKit.framework */,
				8661907A126C0CEC0046A2B8 /* Foundation.framework */,
				86619081126C0CFD0046A2B8 /* CoreGraphics.framework */,
				86619085126C0D120046A2B8 /* CFNetwork.framework */,
			);
			name = frameworks;
			sourceTree = "<group>";
		};
		86C39F0E126A1FA100A9DCD1 /* products */ = {
			isa = PBXGroup;
			children = (
				3470C4CB15DB290A009295B2 /* libios-ntp.a */,
				3470C4DD15DB2947009295B2 /* ntpA.app */,
			);
			name = products;
			sourceTree = "<group>";
		};
		D91E95D613D9AF8C004E4194 /* lib */ = {
			isa = PBXGroup;
			children = (
				199B5741151CBE5100155281 /* GCDAsyncUdpSocket.h */,
				199B5742151CBE5100155281 /* GCDAsyncUdpSocket.m */,
			);
			path = lib;
			sourceTree = "<group>";
		};
		D91E95D813D9AF8C004E4194 /* src */ = {
			isa = PBXGroup;
			children = (
				D9B2BA4013D9C06100C9385A /* NSDate+NetworkClock.h */,
				D9B2BA4113D9C06100C9385A /* NSDate+NetworkClock.m */,
				D9B2BA3213D9B6CF00C9385A /* ios-ntp.h */,
				D91E95D913D9AF8C004E4194 /* NetAssociation.h */,
				D91E95DA13D9AF8C004E4194 /* NetAssociation.m */,
				D91E95DB13D9AF8C004E4194 /* NetworkClock.h */,
				D91E95DC13D9AF8C004E4194 /* NetworkClock.m */,
			);
			path = src;
			sourceTree = "<group>";
		};
		D91E95DD13D9AF8C004E4194 /* test */ = {
			isa = PBXGroup;
			children = (
				D91E95DE13D9AF8C004E4194 /* main.m */,
				D91E95DF13D9AF8C004E4194 /* ntpAAppDelegate.h */,
				D91E95E013D9AF8C004E4194 /* ntpAAppDelegate.m */,
				D91E95E113D9AF8C004E4194 /* ntpAViewController.h */,
				D91E95E213D9AF8C004E4194 /* ntpAViewController.m */,
			);
			path = test;
			sourceTree = "<group>";
		};
		D91E95E813D9B018004E4194 /* resources */ = {
			isa = PBXGroup;
			children = (
				D9B2BA2B13D9B50200C9385A /* ios-ntp-Info.plist */,
				D9B2BA2C13D9B50200C9385A /* ios-ntp-Prefix.pch */,
				D91E95F813D9B063004E4194 /* en.lproj */,
				D91E95EF13D9B018004E4194 /* ntp.hosts */,
				D91E95F013D9B018004E4194 /* ntpA-Info.plist */,
				D91E95F113D9B018004E4194 /* ntpA_Prefix.pch */,
			);
			path = resources;
			sourceTree = "<group>";
		};
		D91E95F813D9B063004E4194 /* en.lproj */ = {
			isa = PBXGroup;
			children = (
				D91E95F913D9B063004E4194 /* InfoPlist.strings */,
				D91E95FB13D9B063004E4194 /* MainWindow.xib */,
				D91E95FD13D9B063004E4194 /* ntpAViewController.xib */,
			);
			path = en.lproj;
			sourceTree = "<group>";
		};
/* End PBXGroup section */

/* Begin PBXHeadersBuildPhase section */
		3470C4F715DB29F1009295B2 /* Headers */ = {
			isa = PBXHeadersBuildPhase;
			buildActionMask = 2147483647;
			files = (
				3470C4F815DB2A0B009295B2 /* GCDAsyncUdpSocket.h in Headers */,
				3470C4F915DB2A0B009295B2 /* NSDate+NetworkClock.h in Headers */,
				3470C4FA15DB2A0B009295B2 /* ios-ntp.h in Headers */,
				3470C4FB15DB2A0B009295B2 /* NetAssociation.h in Headers */,
				3470C4FC15DB2A0B009295B2 /* NetworkClock.h in Headers */,
			);
			runOnlyForDeploymentPostprocessing = 0;
		};
/* End PBXHeadersBuildPhase section */

/* Begin PBXNativeTarget section */
		3470C4CA15DB290A009295B2 /* ios-ntp */ = {
			isa = PBXNativeTarget;
			buildConfigurationList = 3470C4D615DB290B009295B2 /* Build configuration list for PBXNativeTarget "ios-ntp" */;
			buildPhases = (
				3470C4C715DB290A009295B2 /* Sources */,
				3470C4C815DB290A009295B2 /* Frameworks */,
				3470C4F715DB29F1009295B2 /* Headers */,
			);
			buildRules = (
			);
			dependencies = (
			);
			name = "ios-ntp";
			productName = "ios-ntp";
			productReference = 3470C4CB15DB290A009295B2 /* libios-ntp.a */;
			productType = "com.apple.product-type.library.static";
		};
		3470C4DC15DB2947009295B2 /* ntpA */ = {
			isa = PBXNativeTarget;
			buildConfigurationList = 3470C4F015DB2947009295B2 /* Build configuration list for PBXNativeTarget "ntpA" */;
			buildPhases = (
				3470C4D915DB2947009295B2 /* Sources */,
				3470C4DA15DB2947009295B2 /* Frameworks */,
				3470C4DB15DB2947009295B2 /* Resources */,
			);
			buildRules = (
			);
			dependencies = (
				3470C4FE15DB2BB4009295B2 /* PBXTargetDependency */,
			);
			name = ntpA;
			productName = "ios-ntp Demo";
			productReference = 3470C4DD15DB2947009295B2 /* ntpA.app */;
			productType = "com.apple.product-type.application";
		};
/* End PBXNativeTarget section */

/* Begin PBXProject section */
		86C39F00126A1FA000A9DCD1 /* Project object */ = {
			isa = PBXProject;
			attributes = {
				LastUpgradeCheck = 0420;
				ORGANIZATIONNAME = "Ramsay Consulting";
			};
			buildConfigurationList = 86C39F03126A1FA000A9DCD1 /* Build configuration list for PBXProject "ios-ntp" */;
			compatibilityVersion = "Xcode 3.2";
			developmentRegion = English;
			hasScannedForEncodings = 0;
			knownRegions = (
				en,
			);
			mainGroup = 86C39EFE126A1FA000A9DCD1;
			productRefGroup = 86C39F0E126A1FA100A9DCD1 /* products */;
			projectDirPath = "";
			projectRoot = "";
			targets = (
				3470C4CA15DB290A009295B2 /* ios-ntp */,
				3470C4DC15DB2947009295B2 /* ntpA */,
			);
		};
/* End PBXProject section */

/* Begin PBXResourcesBuildPhase section */
		3470C4DB15DB2947009295B2 /* Resources */ = {
			isa = PBXResourcesBuildPhase;
			buildActionMask = 2147483647;
			files = (
				3470C50315DB2CAF009295B2 /* MainWindow.xib in Resources */,
				3470C50415DB2CB3009295B2 /* ntpAViewController.xib in Resources */,
				3470C50515DB2CB9009295B2 /* InfoPlist.strings in Resources */,
				3470C50615DB2CBE009295B2 /* ntp.hosts in Resources */,
			);
			runOnlyForDeploymentPostprocessing = 0;
		};
/* End PBXResourcesBuildPhase section */

/* Begin PBXSourcesBuildPhase section */
		3470C4C715DB290A009295B2 /* Sources */ = {
			isa = PBXSourcesBuildPhase;
			buildActionMask = 2147483647;
			files = (
				3470C4F315DB29D8009295B2 /* GCDAsyncUdpSocket.m in Sources */,
				3470C4F415DB29D8009295B2 /* NSDate+NetworkClock.m in Sources */,
				3470C4F515DB29D8009295B2 /* NetAssociation.m in Sources */,
				3470C4F615DB29D8009295B2 /* NetworkClock.m in Sources */,
			);
			runOnlyForDeploymentPostprocessing = 0;
		};
		3470C4D915DB2947009295B2 /* Sources */ = {
			isa = PBXSourcesBuildPhase;
			buildActionMask = 2147483647;
			files = (
				3470C50015DB2BD9009295B2 /* main.m in Sources */,
				3470C50115DB2BD9009295B2 /* ntpAAppDelegate.m in Sources */,
				3470C50215DB2BD9009295B2 /* ntpAViewController.m in Sources */,
			);
			runOnlyForDeploymentPostprocessing = 0;
		};
/* End PBXSourcesBuildPhase section */

/* Begin PBXTargetDependency section */
		3470C4FE15DB2BB4009295B2 /* PBXTargetDependency */ = {
			isa = PBXTargetDependency;
			target = 3470C4CA15DB290A009295B2 /* ios-ntp */;
			targetProxy = 3470C4FD15DB2BB4009295B2 /* PBXContainerItemProxy */;
		};
/* End PBXTargetDependency section */

/* Begin PBXVariantGroup section */
		D91E95F913D9B063004E4194 /* InfoPlist.strings */ = {
			isa = PBXVariantGroup;
			children = (
				D91E95FA13D9B063004E4194 /* en */,
			);
			name = InfoPlist.strings;
			sourceTree = "<group>";
		};
		D91E95FB13D9B063004E4194 /* MainWindow.xib */ = {
			isa = PBXVariantGroup;
			children = (
				D91E95FC13D9B063004E4194 /* en */,
			);
			name = MainWindow.xib;
			sourceTree = "<group>";
		};
		D91E95FD13D9B063004E4194 /* ntpAViewController.xib */ = {
			isa = PBXVariantGroup;
			children = (
				D91E95FE13D9B063004E4194 /* en */,
			);
			name = ntpAViewController.xib;
			sourceTree = "<group>";
		};
/* End PBXVariantGroup section */

/* Begin XCBuildConfiguration section */
		3470C4D715DB290B009295B2 /* Debug */ = {
			isa = XCBuildConfiguration;
			buildSettings = {
				ALWAYS_SEARCH_USER_PATHS = NO;
				"ARCHS[sdk=iphoneos*]" = (
					armv6,
					armv7,
				);
				"ARCHS[sdk=iphoneos6.0]" = "$(ARCHS_STANDARD_32_BIT)";
				CLANG_CXX_LANGUAGE_STANDARD = "gnu++0x";
				CLANG_WARN__DUPLICATE_METHOD_MATCH = YES;
				COPY_PHASE_STRIP = NO;
				DSTROOT = /tmp/ios_ntp.dst;
				GCC_DYNAMIC_NO_PIC = NO;
				GCC_PRECOMPILE_PREFIX_HEADER = YES;
				GCC_PREFIX_HEADER = "resources/ios-ntp-Prefix.pch";
				GCC_PREPROCESSOR_DEFINITIONS = (
					"DEBUG=1",
					"$(inherited)",
				);
				GCC_SYMBOLS_PRIVATE_EXTERN = NO;
				GCC_WARN_UNINITIALIZED_AUTOS = YES;
				OTHER_LDFLAGS = "-ObjC";
				PRODUCT_NAME = "$(TARGET_NAME)";
				PUBLIC_HEADERS_FOLDER_PATH = "../../Headers/ios-ntp";
				SKIP_INSTALL = YES;
			};
			name = Debug;
		};
		3470C4D815DB290B009295B2 /* Release */ = {
			isa = XCBuildConfiguration;
			buildSettings = {
				ALWAYS_SEARCH_USER_PATHS = NO;
				"ARCHS[sdk=iphoneos*]" = (
					armv6,
					armv7,
				);
				"ARCHS[sdk=iphoneos6.0]" = "$(ARCHS_STANDARD_32_BIT)";
				CLANG_CXX_LANGUAGE_STANDARD = "gnu++0x";
				CLANG_WARN__DUPLICATE_METHOD_MATCH = YES;
				COPY_PHASE_STRIP = YES;
				DSTROOT = /tmp/ios_ntp.dst;
				GCC_PRECOMPILE_PREFIX_HEADER = YES;
				GCC_PREFIX_HEADER = "resources/ios-ntp-Prefix.pch";
				GCC_WARN_UNINITIALIZED_AUTOS = YES;
				OTHER_LDFLAGS = "-ObjC";
				PRODUCT_NAME = "$(TARGET_NAME)";
				PUBLIC_HEADERS_FOLDER_PATH = "../../Headers/ios-ntp";
				SKIP_INSTALL = YES;
				VALIDATE_PRODUCT = YES;
			};
			name = Release;
		};
		3470C4F115DB2947009295B2 /* Debug */ = {
			isa = XCBuildConfiguration;
			buildSettings = {
				ALWAYS_SEARCH_USER_PATHS = NO;
				CLANG_CXX_LANGUAGE_STANDARD = "gnu++0x";
				CLANG_WARN__DUPLICATE_METHOD_MATCH = YES;
				"CODE_SIGN_IDENTITY[sdk=iphoneos*]" = "iPhone Developer";
				COPY_PHASE_STRIP = NO;
				GCC_DYNAMIC_NO_PIC = NO;
				GCC_PRECOMPILE_PREFIX_HEADER = YES;
				GCC_PREFIX_HEADER = resources/ntpA_Prefix.pch;
				GCC_PREPROCESSOR_DEFINITIONS = (
					"DEBUG=1",
					"$(inherited)",
				);
				GCC_SYMBOLS_PRIVATE_EXTERN = NO;
				GCC_WARN_UNINITIALIZED_AUTOS = YES;
				INFOPLIST_FILE = "resources/ntpA-Info.plist";
				OTHER_LDFLAGS = (
					"-ObjC",
					"-all_load",
				);
				PRODUCT_NAME = "$(TARGET_NAME)";
				TARGETED_DEVICE_FAMILY = "1,2";
				WRAPPER_EXTENSION = app;
			};
			name = Debug;
		};
		3470C4F215DB2947009295B2 /* Release */ = {
			isa = XCBuildConfiguration;
			buildSettings = {
				ALWAYS_SEARCH_USER_PATHS = NO;
				CLANG_CXX_LANGUAGE_STANDARD = "gnu++0x";
				CLANG_WARN__DUPLICATE_METHOD_MATCH = YES;
				"CODE_SIGN_IDENTITY[sdk=iphoneos*]" = "iPhone Developer";
				COPY_PHASE_STRIP = YES;
				GCC_PRECOMPILE_PREFIX_HEADER = YES;
				GCC_PREFIX_HEADER = resources/ntpA_Prefix.pch;
				GCC_VERSION = com.apple.compilers.llvm.clang.1_0;
				GCC_WARN_UNINITIALIZED_AUTOS = YES;
				INFOPLIST_FILE = "resources/ntpA-Info.plist";
				OTHER_LDFLAGS = (
					"-ObjC",
					"-all_load",
				);
				PRODUCT_NAME = "$(TARGET_NAME)";
				TARGETED_DEVICE_FAMILY = "1,2";
				VALIDATE_PRODUCT = YES;
				WRAPPER_EXTENSION = app;
			};
			name = Release;
		};
		86C39F29126A1FA100A9DCD1 /* Debug */ = {
			isa = XCBuildConfiguration;
			buildSettings = {
				ARCHS = "$(ARCHS_STANDARD_32_BIT)";
				"CODE_SIGN_IDENTITY[sdk=iphoneos*]" = "iPhone Developer";
				GCC_C_LANGUAGE_STANDARD = gnu99;
				GCC_OPTIMIZATION_LEVEL = 0;
				GCC_PREPROCESSOR_DEFINITIONS = IOS_NTP_LOGGING;
				GCC_VERSION = "";
				GCC_WARN_ABOUT_RETURN_TYPE = YES;
				GCC_WARN_UNUSED_VARIABLE = YES;
				IPHONEOS_DEPLOYMENT_TARGET = 4.0;
				SDKROOT = iphoneos;
			};
			name = Debug;
		};
		86C39F2A126A1FA100A9DCD1 /* Release */ = {
			isa = XCBuildConfiguration;
			buildSettings = {
				ARCHS = "$(ARCHS_STANDARD_32_BIT)";
				"CODE_SIGN_IDENTITY[sdk=iphoneos*]" = "iPhone Developer";
				GCC_C_LANGUAGE_STANDARD = gnu99;
				GCC_VERSION = "";
				GCC_WARN_ABOUT_RETURN_TYPE = YES;
				GCC_WARN_UNUSED_VARIABLE = YES;
				IPHONEOS_DEPLOYMENT_TARGET = 4.0;
				OTHER_CFLAGS = "-DNS_BLOCK_ASSERTIONS=1";
				SDKROOT = iphoneos;
			};
			name = Release;
		};
/* End XCBuildConfiguration section */

/* Begin XCConfigurationList section */
		3470C4D615DB290B009295B2 /* Build configuration list for PBXNativeTarget "ios-ntp" */ = {
			isa = XCConfigurationList;
			buildConfigurations = (
				3470C4D715DB290B009295B2 /* Debug */,
				3470C4D815DB290B009295B2 /* Release */,
			);
			defaultConfigurationIsVisible = 0;
			defaultConfigurationName = Release;
		};
		3470C4F015DB2947009295B2 /* Build configuration list for PBXNativeTarget "ntpA" */ = {
			isa = XCConfigurationList;
			buildConfigurations = (
				3470C4F115DB2947009295B2 /* Debug */,
				3470C4F215DB2947009295B2 /* Release */,
			);
			defaultConfigurationIsVisible = 0;
			defaultConfigurationName = Release;
		};
		86C39F03126A1FA000A9DCD1 /* Build configuration list for PBXProject "ios-ntp" */ = {
			isa = XCConfigurationList;
			buildConfigurations = (
				86C39F29126A1FA100A9DCD1 /* Debug */,
				86C39F2A126A1FA100A9DCD1 /* Release */,
			);
			defaultConfigurationIsVisible = 0;
			defaultConfigurationName = Release;
		};
/* End XCConfigurationList section */
	};
	rootObject = 86C39F00126A1FA000A9DCD1 /* Project object */;
}
