// !$*UTF8*$!
{
	archiveVersion = 1;
	classes = {
	};
	objectVersion = 46;
	objects = {

/* Begin PBXBuildFile section */
		8661906F126C0CD70046A2B8 /* UIKit.framework in Frameworks */ = {isa = PBXBuildFile; fileRef = 8661906E126C0CD70046A2B8 /* UIKit.framework */; };
		8661907B126C0CEC0046A2B8 /* Foundation.framework in Frameworks */ = {isa = PBXBuildFile; fileRef = 8661907A126C0CEC0046A2B8 /* Foundation.framework */; };
		86619082126C0CFD0046A2B8 /* CoreGraphics.framework in Frameworks */ = {isa = PBXBuildFile; fileRef = 86619081126C0CFD0046A2B8 /* CoreGraphics.framework */; };
		86619086126C0D120046A2B8 /* CFNetwork.framework in Frameworks */ = {isa = PBXBuildFile; fileRef = 86619085126C0D120046A2B8 /* CFNetwork.framework */; };
		D91E95E313D9AF8C004E4194 /* NetAssociation.m in Sources */ = {isa = PBXBuildFile; fileRef = D91E95DA13D9AF8C004E4194 /* NetAssociation.m */; };
		D91E95E413D9AF8C004E4194 /* NetworkClock.m in Sources */ = {isa = PBXBuildFile; fileRef = D91E95DC13D9AF8C004E4194 /* NetworkClock.m */; };
		D91E95E513D9AF8C004E4194 /* main.m in Sources */ = {isa = PBXBuildFile; fileRef = D91E95DE13D9AF8C004E4194 /* main.m */; };
		D91E95E613D9AF8C004E4194 /* ntpAAppDelegate.m in Sources */ = {isa = PBXBuildFile; fileRef = D91E95E013D9AF8C004E4194 /* ntpAAppDelegate.m */; };
		D91E95E713D9AF8C004E4194 /* ntpAViewController.m in Sources */ = {isa = PBXBuildFile; fileRef = D91E95E213D9AF8C004E4194 /* ntpAViewController.m */; };
		D91E95F713D9B029004E4194 /* ntp.hosts in Resources */ = {isa = PBXBuildFile; fileRef = D91E95EF13D9B018004E4194 /* ntp.hosts */; };
		D91E95FF13D9B063004E4194 /* InfoPlist.strings in Resources */ = {isa = PBXBuildFile; fileRef = D91E95F913D9B063004E4194 /* InfoPlist.strings */; };
		D91E960013D9B063004E4194 /* MainWindow.xib in Resources */ = {isa = PBXBuildFile; fileRef = D91E95FB13D9B063004E4194 /* MainWindow.xib */; };
		D91E960113D9B063004E4194 /* ntpAViewController.xib in Resources */ = {isa = PBXBuildFile; fileRef = D91E95FD13D9B063004E4194 /* ntpAViewController.xib */; };
		D91E960413D9B192004E4194 /* AsyncUdpSocket.m in Sources */ = {isa = PBXBuildFile; fileRef = D91E960313D9B192004E4194 /* AsyncUdpSocket.m */; };
/* End PBXBuildFile section */

/* Begin PBXFileReference section */
		8661906E126C0CD70046A2B8 /* UIKit.framework */ = {isa = PBXFileReference; lastKnownFileType = wrapper.framework; name = UIKit.framework; path = System/Library/Frameworks/UIKit.framework; sourceTree = SDKROOT; };
		8661907A126C0CEC0046A2B8 /* Foundation.framework */ = {isa = PBXFileReference; lastKnownFileType = wrapper.framework; name = Foundation.framework; path = System/Library/Frameworks/Foundation.framework; sourceTree = SDKROOT; };
		86619081126C0CFD0046A2B8 /* CoreGraphics.framework */ = {isa = PBXFileReference; lastKnownFileType = wrapper.framework; name = CoreGraphics.framework; path = System/Library/Frameworks/CoreGraphics.framework; sourceTree = SDKROOT; };
		86619085126C0D120046A2B8 /* CFNetwork.framework */ = {isa = PBXFileReference; lastKnownFileType = wrapper.framework; name = CFNetwork.framework; path = System/Library/Frameworks/CFNetwork.framework; sourceTree = SDKROOT; };
		86C39F0D126A1FA100A9DCD1 /* ntpA.app */ = {isa = PBXFileReference; explicitFileType = wrapper.application; includeInIndex = 0; path = ntpA.app; sourceTree = BUILT_PRODUCTS_DIR; };
		D91E95D713D9AF8C004E4194 /* SynthesizeSingleton.h */ = {isa = PBXFileReference; fileEncoding = 4; lastKnownFileType = sourcecode.c.h; path = SynthesizeSingleton.h; sourceTree = "<group>"; };
		D91E95D913D9AF8C004E4194 /* NetAssociation.h */ = {isa = PBXFileReference; fileEncoding = 4; lastKnownFileType = sourcecode.c.h; path = NetAssociation.h; sourceTree = "<group>"; };
		D91E95DA13D9AF8C004E4194 /* NetAssociation.m */ = {isa = PBXFileReference; fileEncoding = 4; lastKnownFileType = sourcecode.c.objc; path = NetAssociation.m; sourceTree = "<group>"; };
		D91E95DB13D9AF8C004E4194 /* NetworkClock.h */ = {isa = PBXFileReference; fileEncoding = 4; lastKnownFileType = sourcecode.c.h; path = NetworkClock.h; sourceTree = "<group>"; };
		D91E95DC13D9AF8C004E4194 /* NetworkClock.m */ = {isa = PBXFileReference; fileEncoding = 4; lastKnownFileType = sourcecode.c.objc; path = NetworkClock.m; sourceTree = "<group>"; };
		D91E95DE13D9AF8C004E4194 /* main.m */ = {isa = PBXFileReference; fileEncoding = 4; lastKnownFileType = sourcecode.c.objc; path = main.m; sourceTree = "<group>"; };
		D91E95DF13D9AF8C004E4194 /* ntpAAppDelegate.h */ = {isa = PBXFileReference; fileEncoding = 4; lastKnownFileType = sourcecode.c.h; path = ntpAAppDelegate.h; sourceTree = "<group>"; };
		D91E95E013D9AF8C004E4194 /* ntpAAppDelegate.m */ = {isa = PBXFileReference; fileEncoding = 4; lastKnownFileType = sourcecode.c.objc; path = ntpAAppDelegate.m; sourceTree = "<group>"; };
		D91E95E113D9AF8C004E4194 /* ntpAViewController.h */ = {isa = PBXFileReference; fileEncoding = 4; lastKnownFileType = sourcecode.c.h; path = ntpAViewController.h; sourceTree = "<group>"; };
		D91E95E213D9AF8C004E4194 /* ntpAViewController.m */ = {isa = PBXFileReference; fileEncoding = 4; lastKnownFileType = sourcecode.c.objc; path = ntpAViewController.m; sourceTree = "<group>"; };
		D91E95EF13D9B018004E4194 /* ntp.hosts */ = {isa = PBXFileReference; fileEncoding = 4; lastKnownFileType = text; path = ntp.hosts; sourceTree = "<group>"; };
		D91E95F013D9B018004E4194 /* ntpA-Info.plist */ = {isa = PBXFileReference; fileEncoding = 4; lastKnownFileType = text.plist.xml; path = "ntpA-Info.plist"; sourceTree = "<group>"; };
		D91E95F113D9B018004E4194 /* ntpA_Prefix.pch */ = {isa = PBXFileReference; fileEncoding = 4; lastKnownFileType = sourcecode.c.h; path = ntpA_Prefix.pch; sourceTree = "<group>"; };
		D91E95FA13D9B063004E4194 /* en */ = {isa = PBXFileReference; lastKnownFileType = text.plist.strings; name = en; path = InfoPlist.strings; sourceTree = "<group>"; };
		D91E95FC13D9B063004E4194 /* en */ = {isa = PBXFileReference; lastKnownFileType = file.xib; name = en; path = MainWindow.xib; sourceTree = "<group>"; };
		D91E95FE13D9B063004E4194 /* en */ = {isa = PBXFileReference; lastKnownFileType = file.xib; name = en; path = ntpAViewController.xib; sourceTree = "<group>"; };
		D91E960213D9B192004E4194 /* AsyncUdpSocket.h */ = {isa = PBXFileReference; fileEncoding = 4; lastKnownFileType = sourcecode.c.h; path = AsyncUdpSocket.h; sourceTree = "<group>"; };
		D91E960313D9B192004E4194 /* AsyncUdpSocket.m */ = {isa = PBXFileReference; fileEncoding = 4; lastKnownFileType = sourcecode.c.objc; path = AsyncUdpSocket.m; sourceTree = "<group>"; };
/* End PBXFileReference section */

/* Begin PBXFrameworksBuildPhase section */
		86C39F0A126A1FA100A9DCD1 /* Frameworks */ = {
			isa = PBXFrameworksBuildPhase;
			buildActionMask = 2147483647;
			files = (
				8661906F126C0CD70046A2B8 /* UIKit.framework in Frameworks */,
				8661907B126C0CEC0046A2B8 /* Foundation.framework in Frameworks */,
				86619082126C0CFD0046A2B8 /* CoreGraphics.framework in Frameworks */,
				86619086126C0D120046A2B8 /* CFNetwork.framework in Frameworks */,
			);
			runOnlyForDeploymentPostprocessing = 0;
		};
/* End PBXFrameworksBuildPhase section */

/* Begin PBXGroup section */
		86C39EFE126A1FA000A9DCD1 = {
			isa = PBXGroup;
			children = (
				D91E95D613D9AF8C004E4194 /* lib */,
				D91E95D813D9AF8C004E4194 /* src */,
				D91E95DD13D9AF8C004E4194 /* test */,
				D91E95E813D9B018004E4194 /* resources */,
				86C39F08126A1FA100A9DCD1 /* frameworks */,
				86C39F0E126A1FA100A9DCD1 /* products */,
			);
			sourceTree = "<group>";
		};
		86C39F08126A1FA100A9DCD1 /* frameworks */ = {
			isa = PBXGroup;
			children = (
				8661906E126C0CD70046A2B8 /* UIKit.framework */,
				8661907A126C0CEC0046A2B8 /* Foundation.framework */,
				86619081126C0CFD0046A2B8 /* CoreGraphics.framework */,
				86619085126C0D120046A2B8 /* CFNetwork.framework */,
			);
			name = frameworks;
			sourceTree = "<group>";
		};
		86C39F0E126A1FA100A9DCD1 /* products */ = {
			isa = PBXGroup;
			children = (
				86C39F0D126A1FA100A9DCD1 /* ntpA.app */,
			);
			name = products;
			sourceTree = "<group>";
		};
		D91E95D613D9AF8C004E4194 /* lib */ = {
			isa = PBXGroup;
			children = (
				D91E960213D9B192004E4194 /* AsyncUdpSocket.h */,
				D91E960313D9B192004E4194 /* AsyncUdpSocket.m */,
				D91E95D713D9AF8C004E4194 /* SynthesizeSingleton.h */,
			);
			path = lib;
			sourceTree = "<group>";
		};
		D91E95D813D9AF8C004E4194 /* src */ = {
			isa = PBXGroup;
			children = (
				D91E95D913D9AF8C004E4194 /* NetAssociation.h */,
				D91E95DA13D9AF8C004E4194 /* NetAssociation.m */,
				D91E95DB13D9AF8C004E4194 /* NetworkClock.h */,
				D91E95DC13D9AF8C004E4194 /* NetworkClock.m */,
			);
			path = src;
			sourceTree = "<group>";
		};
		D91E95DD13D9AF8C004E4194 /* test */ = {
			isa = PBXGroup;
			children = (
				D91E95DE13D9AF8C004E4194 /* main.m */,
				D91E95DF13D9AF8C004E4194 /* ntpAAppDelegate.h */,
				D91E95E013D9AF8C004E4194 /* ntpAAppDelegate.m */,
				D91E95E113D9AF8C004E4194 /* ntpAViewController.h */,
				D91E95E213D9AF8C004E4194 /* ntpAViewController.m */,
			);
			path = test;
			sourceTree = "<group>";
		};
		D91E95E813D9B018004E4194 /* resources */ = {
			isa = PBXGroup;
			children = (
				D91E95F813D9B063004E4194 /* en.lproj */,
				D91E95EF13D9B018004E4194 /* ntp.hosts */,
				D91E95F013D9B018004E4194 /* ntpA-Info.plist */,
				D91E95F113D9B018004E4194 /* ntpA_Prefix.pch */,
			);
			path = resources;
			sourceTree = "<group>";
		};
		D91E95F813D9B063004E4194 /* en.lproj */ = {
			isa = PBXGroup;
			children = (
				D91E95F913D9B063004E4194 /* InfoPlist.strings */,
				D91E95FB13D9B063004E4194 /* MainWindow.xib */,
				D91E95FD13D9B063004E4194 /* ntpAViewController.xib */,
			);
			path = en.lproj;
			sourceTree = "<group>";
		};
/* End PBXGroup section */

/* Begin PBXNativeTarget section */
		86C39F0C126A1FA100A9DCD1 /* ntpA */ = {
			isa = PBXNativeTarget;
			buildConfigurationList = 86C39F2B126A1FA100A9DCD1 /* Build configuration list for PBXNativeTarget "ntpA" */;
			buildPhases = (
				86C39F09126A1FA100A9DCD1 /* Sources */,
				86C39F0A126A1FA100A9DCD1 /* Frameworks */,
				86C39F0B126A1FA100A9DCD1 /* Resources */,
			);
			buildRules = (
			);
			dependencies = (
			);
			name = ntpA;
			productName = ntpA;
			productReference = 86C39F0D126A1FA100A9DCD1 /* ntpA.app */;
			productType = "com.apple.product-type.application";
		};
/* End PBXNativeTarget section */

/* Begin PBXProject section */
		86C39F00126A1FA000A9DCD1 /* Project object */ = {
			isa = PBXProject;
			attributes = {
				ORGANIZATIONNAME = "Ramsay Consulting";
			};
			buildConfigurationList = 86C39F03126A1FA000A9DCD1 /* Build configuration list for PBXProject "ntpA" */;
			compatibilityVersion = "Xcode 3.2";
			developmentRegion = English;
			hasScannedForEncodings = 0;
			knownRegions = (
				en,
			);
			mainGroup = 86C39EFE126A1FA000A9DCD1;
			productRefGroup = 86C39F0E126A1FA100A9DCD1 /* products */;
			projectDirPath = "";
			projectRoot = "";
			targets = (
				86C39F0C126A1FA100A9DCD1 /* ntpA */,
			);
		};
/* End PBXProject section */

/* Begin PBXResourcesBuildPhase section */
		86C39F0B126A1FA100A9DCD1 /* Resources */ = {
			isa = PBXResourcesBuildPhase;
			buildActionMask = 2147483647;
			files = (
				D91E95F713D9B029004E4194 /* ntp.hosts in Resources */,
				D91E95FF13D9B063004E4194 /* InfoPlist.strings in Resources */,
				D91E960013D9B063004E4194 /* MainWindow.xib in Resources */,
				D91E960113D9B063004E4194 /* ntpAViewController.xib in Resources */,
			);
			runOnlyForDeploymentPostprocessing = 0;
		};
/* End PBXResourcesBuildPhase section */

/* Begin PBXSourcesBuildPhase section */
		86C39F09126A1FA100A9DCD1 /* Sources */ = {
			isa = PBXSourcesBuildPhase;
			buildActionMask = 2147483647;
			files = (
				D91E95E313D9AF8C004E4194 /* NetAssociation.m in Sources */,
				D91E95E413D9AF8C004E4194 /* NetworkClock.m in Sources */,
				D91E95E513D9AF8C004E4194 /* main.m in Sources */,
				D91E95E613D9AF8C004E4194 /* ntpAAppDelegate.m in Sources */,
				D91E95E713D9AF8C004E4194 /* ntpAViewController.m in Sources */,
				D91E960413D9B192004E4194 /* AsyncUdpSocket.m in Sources */,
			);
			runOnlyForDeploymentPostprocessing = 0;
		};
/* End PBXSourcesBuildPhase section */

/* Begin PBXVariantGroup section */
		D91E95F913D9B063004E4194 /* InfoPlist.strings */ = {
			isa = PBXVariantGroup;
			children = (
				D91E95FA13D9B063004E4194 /* en */,
			);
			name = InfoPlist.strings;
			sourceTree = "<group>";
		};
		D91E95FB13D9B063004E4194 /* MainWindow.xib */ = {
			isa = PBXVariantGroup;
			children = (
				D91E95FC13D9B063004E4194 /* en */,
			);
			name = MainWindow.xib;
			sourceTree = "<group>";
		};
		D91E95FD13D9B063004E4194 /* ntpAViewController.xib */ = {
			isa = PBXVariantGroup;
			children = (
				D91E95FE13D9B063004E4194 /* en */,
			);
			name = ntpAViewController.xib;
			sourceTree = "<group>";
		};
/* End PBXVariantGroup section */

/* Begin XCBuildConfiguration section */
		86C39F29126A1FA100A9DCD1 /* Debug */ = {
			isa = XCBuildConfiguration;
			buildSettings = {
				ARCHS = "$(ARCHS_STANDARD_32_BIT)";
				"CODE_SIGN_IDENTITY[sdk=iphoneos*]" = "iPhone Developer";
				GCC_C_LANGUAGE_STANDARD = gnu99;
				GCC_OPTIMIZATION_LEVEL = 0;
				GCC_PREPROCESSOR_DEFINITIONS = IOS_NTP_LOGGING;
				GCC_VERSION = com.apple.compilers.llvm.clang.1_0;
				GCC_WARN_ABOUT_RETURN_TYPE = YES;
				GCC_WARN_UNUSED_VARIABLE = YES;
				IPHONEOS_DEPLOYMENT_TARGET = 3.1;
				PREBINDING = NO;
				SDKROOT = iphoneos;
			};
			name = Debug;
		};
		86C39F2A126A1FA100A9DCD1 /* Release */ = {
			isa = XCBuildConfiguration;
			buildSettings = {
				ARCHS = "$(ARCHS_STANDARD_32_BIT)";
				"CODE_SIGN_IDENTITY[sdk=iphoneos*]" = "iPhone Developer";
				GCC_C_LANGUAGE_STANDARD = gnu99;
				GCC_VERSION = "";
				GCC_WARN_ABOUT_RETURN_TYPE = YES;
				GCC_WARN_UNUSED_VARIABLE = YES;
				IPHONEOS_DEPLOYMENT_TARGET = 3.1;
				OTHER_CFLAGS = "-DNS_BLOCK_ASSERTIONS=1";
				PREBINDING = NO;
				SDKROOT = iphoneos;
			};
			name = Release;
		};
		86C39F2C126A1FA100A9DCD1 /* Debug */ = {
			isa = XCBuildConfiguration;
			buildSettings = {
				ALWAYS_SEARCH_USER_PATHS = NO;
				COPY_PHASE_STRIP = NO;
				GCC_DYNAMIC_NO_PIC = NO;
				GCC_PRECOMPILE_PREFIX_HEADER = YES;
				GCC_PREFIX_HEADER = resources/ntpA_Prefix.pch;
				GCC_PREPROCESSOR_DEFINITIONS = IOS_NTP_LOGGING;
				GCC_VERSION = com.apple.compilers.llvm.clang.1_0;
				INFOPLIST_FILE = "resources/ntpA-Info.plist";
				IPHONEOS_DEPLOYMENT_TARGET = 3.1;
				PRODUCT_NAME = "$(TARGET_NAME)";
				TARGETED_DEVICE_FAMILY = 1;
				WRAPPER_EXTENSION = app;
			};
			name = Debug;
		};
		86C39F2D126A1FA100A9DCD1 /* Release */ = {
			isa = XCBuildConfiguration;
			buildSettings = {
				ALWAYS_SEARCH_USER_PATHS = NO;
				COPY_PHASE_STRIP = YES;
				GCC_PRECOMPILE_PREFIX_HEADER = YES;
				GCC_PREFIX_HEADER = resources/ntpA_Prefix.pch;
				GCC_VERSION = com.apple.compilers.llvm.clang.1_0;
				INFOPLIST_FILE = "resources/ntpA-Info.plist";
				IPHONEOS_DEPLOYMENT_TARGET = 3.1;
				PRODUCT_NAME = "$(TARGET_NAME)";
				TARGETED_DEVICE_FAMILY = 1;
				VALIDATE_PRODUCT = YES;
				WRAPPER_EXTENSION = app;
			};
			name = Release;
		};
/* End XCBuildConfiguration section */

/* Begin XCConfigurationList section */
		86C39F03126A1FA000A9DCD1 /* Build configuration list for PBXProject "ntpA" */ = {
			isa = XCConfigurationList;
			buildConfigurations = (
				86C39F29126A1FA100A9DCD1 /* Debug */,
				86C39F2A126A1FA100A9DCD1 /* Release */,
			);
			defaultConfigurationIsVisible = 0;
			defaultConfigurationName = Release;
		};
		86C39F2B126A1FA100A9DCD1 /* Build configuration list for PBXNativeTarget "ntpA" */ = {
			isa = XCConfigurationList;
			buildConfigurations = (
				86C39F2C126A1FA100A9DCD1 /* Debug */,
				86C39F2D126A1FA100A9DCD1 /* Release */,
			);
			defaultConfigurationIsVisible = 0;
			defaultConfigurationName = Release;
		};
/* End XCConfigurationList section */
	};
	rootObject = 86C39F00126A1FA000A9DCD1 /* Project object */;
}
